
Microsoft Visual Studio Solution File, Format Version 12.00
# Visual Studio Version 17
VisualStudioVersion = 17.5.33627.172
MinimumVisualStudioVersion = 10.0.40219.1
Project("{FAE04EC0-301F-11D3-BF4B-00C04F79EFBC}") = "WindowsFormsApplication1", "WindowsFormsApplication1\WindowsFormsApplication1.csproj", "{C087CBF0-EF27-444F-BE1A-CAAAF035F0F3}"
EndProject
Project("{2150E333-8FDC-42A3-9474-1A3956D46DE8}") = ".nuget", ".nuget", "{20A320D1-CCE7-4A48-BC2A-54D0D2EF3C92}"
	ProjectSection(SolutionItems) = preProject
		.nuget\NuGet.Config = .nuget\NuGet.Config
		.nuget\NuGet.exe = .nuget\NuGet.exe
		.nuget\NuGet.targets = .nuget\NuGet.targets
	EndProjectSection
EndProject
Project("{FAE04EC0-301F-11D3-BF4B-00C04F79EFBC}") = "WebFreight.Web", "..\..\Logitude\JustWebFreight\WebFreight.Web\WebFreight.Web.csproj", "{8408E4E5-B4B7-46BC-8300-1AE163B36E2D}"
EndProject
Project("{FAE04EC0-301F-11D3-BF4B-00C04F79EFBC}") = "CommunicationWorkerRole", "..\..\Logitude\CommunicationWorkerRole\CommunicationWorkerRole.csproj", "{BA2A42B8-A348-4D44-984C-1D718CB20B6F}"
EndProject
Project("{FAE04EC0-301F-11D3-BF4B-00C04F79EFBC}") = "Logitude.Accounting.BL", "..\..\Logitude\Logitude.Accounting.BL\Logitude.Accounting.BL.csproj", "{00E5D96D-DD45-47E8-AAA3-FDBFD8ADD61A}"
EndProject
Project("{FAE04EC0-301F-11D3-BF4B-00C04F79EFBC}") = "Logitude.Accounting.Data", "..\..\Logitude\Logitude.Accounting.Data\Logitude.Accounting.Data.csproj", "{A3799525-14A2-42FC-A2DE-69ED3FD1C5D1}"
EndProject
Project("{FAE04EC0-301F-11D3-BF4B-00C04F79EFBC}") = "Logitude.CargoTracking.BL", "..\..\Logitude\Logitude.CargoTracking.BL\Logitude.CargoTracking.BL.csproj", "{6B7FB227-28D2-45B8-B079-2E2F4251510D}"
EndProject
Project("{FAE04EC0-301F-11D3-BF4B-00C04F79EFBC}") = "Logitude.BL", "..\..\Logitude\Logitude.BL\Logitude.BL.csproj", "{A663E7EF-B858-4BB6-BC33-E473F51B8E56}"
EndProject
Project("{FAE04EC0-301F-11D3-BF4B-00C04F79EFBC}") = "Simplog.Global.Data", "..\..\Logitude\Simplog.Global.Data\Simplog.Global.Data.csproj", "{6D7FFAD2-35B6-4133-8700-CF73E58D0C85}"
EndProject
Project("{FAE04EC0-301F-11D3-BF4B-00C04F79EFBC}") = "CargoTrackingWinService", "..\..\Logitude\CargoTrackingWinService\CargoTrackingWinService.csproj", "{6D5CF168-5E41-4CB6-BB30-04445578C5B4}"
EndProject
Project("{FAE04EC0-301F-11D3-BF4B-00C04F79EFBC}") = "CargoTrackingWinFormService", "..\..\Logitude\CargoTrackingWinFormService\CargoTrackingWinFormService.csproj", "{8108DD79-196B-4C2C-82A9-F995877723B1}"
EndProject
Project("{FAE04EC0-301F-11D3-BF4B-00C04F79EFBC}") = "Logitude.Server.Tools", "..\..\Logitude\Logitude.Server.Tools\Logitude.Server.Tools.csproj", "{9B477A08-8EE2-4457-88FE-17E8A6EC4D00}"
EndProject
Project("{FAE04EC0-301F-11D3-BF4B-00C04F79EFBC}") = "Simplog.Server.Infrastructure", "..\..\Logitude\Simplog.Server.Infrastructure\Simplog.Server.Infrastructure.csproj", "{ACC2EA9E-E150-4099-8AA1-66326AB14BE8}"
EndProject
Global
	GlobalSection(SolutionConfigurationPlatforms) = preSolution
		All Projects|Any CPU = All Projects|Any CPU
		All Projects|Mixed Platforms = All Projects|Mixed Platforms
		All Projects|x86 = All Projects|x86
		Debug|Any CPU = Debug|Any CPU
		Debug|Mixed Platforms = Debug|Mixed Platforms
		Debug|x86 = Debug|x86
		None|Any CPU = None|Any CPU
		None|Mixed Platforms = None|Mixed Platforms
		None|x86 = None|x86
		Release|Any CPU = Release|Any CPU
		Release|Mixed Platforms = Release|Mixed Platforms
		Release|x86 = Release|x86
	EndGlobalSection
	GlobalSection(ProjectConfigurationPlatforms) = postSolution
		{C087CBF0-EF27-444F-BE1A-CAAAF035F0F3}.All Projects|Any CPU.ActiveCfg = Release|Any CPU
		{C087CBF0-EF27-444F-BE1A-CAAAF035F0F3}.All Projects|Any CPU.Build.0 = Release|Any CPU
		{C087CBF0-EF27-444F-BE1A-CAAAF035F0F3}.All Projects|Mixed Platforms.ActiveCfg = Release|Any CPU
		{C087CBF0-EF27-444F-BE1A-CAAAF035F0F3}.All Projects|Mixed Platforms.Build.0 = Release|Any CPU
		{C087CBF0-EF27-444F-BE1A-CAAAF035F0F3}.All Projects|x86.ActiveCfg = Release|Any CPU
		{C087CBF0-EF27-444F-BE1A-CAAAF035F0F3}.Debug|Any CPU.ActiveCfg = Debug|Any CPU
		{C087CBF0-EF27-444F-BE1A-CAAAF035F0F3}.Debug|Any CPU.Build.0 = Debug|Any CPU
		{C087CBF0-EF27-444F-BE1A-CAAAF035F0F3}.Debug|Mixed Platforms.ActiveCfg = Debug|Any CPU
		{C087CBF0-EF27-444F-BE1A-CAAAF035F0F3}.Debug|Mixed Platforms.Build.0 = Debug|Any CPU
		{C087CBF0-EF27-444F-BE1A-CAAAF035F0F3}.Debug|x86.ActiveCfg = Debug|Any CPU
		{C087CBF0-EF27-444F-BE1A-CAAAF035F0F3}.None|Any CPU.ActiveCfg = Release|Any CPU
		{C087CBF0-EF27-444F-BE1A-CAAAF035F0F3}.None|Any CPU.Build.0 = Release|Any CPU
		{C087CBF0-EF27-444F-BE1A-CAAAF035F0F3}.None|Mixed Platforms.ActiveCfg = Release|Any CPU
		{C087CBF0-EF27-444F-BE1A-CAAAF035F0F3}.None|Mixed Platforms.Build.0 = Release|Any CPU
		{C087CBF0-EF27-444F-BE1A-CAAAF035F0F3}.None|x86.ActiveCfg = Release|Any CPU
		{C087CBF0-EF27-444F-BE1A-CAAAF035F0F3}.Release|Any CPU.ActiveCfg = Release|Any CPU
		{C087CBF0-EF27-444F-BE1A-CAAAF035F0F3}.Release|Any CPU.Build.0 = Release|Any CPU
		{C087CBF0-EF27-444F-BE1A-CAAAF035F0F3}.Release|Mixed Platforms.ActiveCfg = Release|Any CPU
		{C087CBF0-EF27-444F-BE1A-CAAAF035F0F3}.Release|Mixed Platforms.Build.0 = Release|Any CPU
		{C087CBF0-EF27-444F-BE1A-CAAAF035F0F3}.Release|x86.ActiveCfg = Release|Any CPU
		{8408E4E5-B4B7-46BC-8300-1AE163B36E2D}.All Projects|Any CPU.ActiveCfg = All Projects|Any CPU
		{8408E4E5-B4B7-46BC-8300-1AE163B36E2D}.All Projects|Any CPU.Build.0 = All Projects|Any CPU
		{8408E4E5-B4B7-46BC-8300-1AE163B36E2D}.All Projects|Mixed Platforms.ActiveCfg = All Projects|Any CPU
		{8408E4E5-B4B7-46BC-8300-1AE163B36E2D}.All Projects|Mixed Platforms.Build.0 = All Projects|Any CPU
		{8408E4E5-B4B7-46BC-8300-1AE163B36E2D}.All Projects|x86.ActiveCfg = All Projects|Any CPU
		{8408E4E5-B4B7-46BC-8300-1AE163B36E2D}.All Projects|x86.Build.0 = All Projects|Any CPU
		{8408E4E5-B4B7-46BC-8300-1AE163B36E2D}.Debug|Any CPU.ActiveCfg = Debug|Any CPU
		{8408E4E5-B4B7-46BC-8300-1AE163B36E2D}.Debug|Any CPU.Build.0 = Debug|Any CPU
		{8408E4E5-B4B7-46BC-8300-1AE163B36E2D}.Debug|Mixed Platforms.ActiveCfg = Debug|Any CPU
		{8408E4E5-B4B7-46BC-8300-1AE163B36E2D}.Debug|Mixed Platforms.Build.0 = Debug|Any CPU
		{8408E4E5-B4B7-46BC-8300-1AE163B36E2D}.Debug|x86.ActiveCfg = Debug|Any CPU
		{8408E4E5-B4B7-46BC-8300-1AE163B36E2D}.Debug|x86.Build.0 = Debug|Any CPU
		{8408E4E5-B4B7-46BC-8300-1AE163B36E2D}.None|Any CPU.ActiveCfg = None|Any CPU
		{8408E4E5-B4B7-46BC-8300-1AE163B36E2D}.None|Any CPU.Build.0 = None|Any CPU
		{8408E4E5-B4B7-46BC-8300-1AE163B36E2D}.None|Mixed Platforms.ActiveCfg = None|Any CPU
		{8408E4E5-B4B7-46BC-8300-1AE163B36E2D}.None|Mixed Platforms.Build.0 = None|Any CPU
		{8408E4E5-B4B7-46BC-8300-1AE163B36E2D}.None|x86.ActiveCfg = None|Any CPU
		{8408E4E5-B4B7-46BC-8300-1AE163B36E2D}.None|x86.Build.0 = None|Any CPU
		{8408E4E5-B4B7-46BC-8300-1AE163B36E2D}.Release|Any CPU.ActiveCfg = Release|Any CPU
		{8408E4E5-B4B7-46BC-8300-1AE163B36E2D}.Release|Any CPU.Build.0 = Release|Any CPU
		{8408E4E5-B4B7-46BC-8300-1AE163B36E2D}.Release|Mixed Platforms.ActiveCfg = Release|Any CPU
		{8408E4E5-B4B7-46BC-8300-1AE163B36E2D}.Release|Mixed Platforms.Build.0 = Release|Any CPU
		{8408E4E5-B4B7-46BC-8300-1AE163B36E2D}.Release|x86.ActiveCfg = Release|Any CPU
		{8408E4E5-B4B7-46BC-8300-1AE163B36E2D}.Release|x86.Build.0 = Release|Any CPU
		{BA2A42B8-A348-4D44-984C-1D718CB20B6F}.All Projects|Any CPU.ActiveCfg = All Projects|Any CPU
		{BA2A42B8-A348-4D44-984C-1D718CB20B6F}.All Projects|Any CPU.Build.0 = All Projects|Any CPU
		{BA2A42B8-A348-4D44-984C-1D718CB20B6F}.All Projects|Mixed Platforms.ActiveCfg = All Projects|Any CPU
		{BA2A42B8-A348-4D44-984C-1D718CB20B6F}.All Projects|Mixed Platforms.Build.0 = All Projects|Any CPU
		{BA2A42B8-A348-4D44-984C-1D718CB20B6F}.All Projects|x86.ActiveCfg = All Projects|Any CPU
		{BA2A42B8-A348-4D44-984C-1D718CB20B6F}.All Projects|x86.Build.0 = All Projects|Any CPU
		{BA2A42B8-A348-4D44-984C-1D718CB20B6F}.Debug|Any CPU.ActiveCfg = Debug|Any CPU
		{BA2A42B8-A348-4D44-984C-1D718CB20B6F}.Debug|Any CPU.Build.0 = Debug|Any CPU
		{BA2A42B8-A348-4D44-984C-1D718CB20B6F}.Debug|Mixed Platforms.ActiveCfg = Debug|Any CPU
		{BA2A42B8-A348-4D44-984C-1D718CB20B6F}.Debug|Mixed Platforms.Build.0 = Debug|Any CPU
		{BA2A42B8-A348-4D44-984C-1D718CB20B6F}.Debug|x86.ActiveCfg = Debug|Any CPU
		{BA2A42B8-A348-4D44-984C-1D718CB20B6F}.Debug|x86.Build.0 = Debug|Any CPU
		{BA2A42B8-A348-4D44-984C-1D718CB20B6F}.None|Any CPU.ActiveCfg = None|Any CPU
		{BA2A42B8-A348-4D44-984C-1D718CB20B6F}.None|Any CPU.Build.0 = None|Any CPU
		{BA2A42B8-A348-4D44-984C-1D718CB20B6F}.None|Mixed Platforms.ActiveCfg = None|Any CPU
		{BA2A42B8-A348-4D44-984C-1D718CB20B6F}.None|Mixed Platforms.Build.0 = None|Any CPU
		{BA2A42B8-A348-4D44-984C-1D718CB20B6F}.None|x86.ActiveCfg = None|Any CPU
		{BA2A42B8-A348-4D44-984C-1D718CB20B6F}.None|x86.Build.0 = None|Any CPU
		{BA2A42B8-A348-4D44-984C-1D718CB20B6F}.Release|Any CPU.ActiveCfg = Release|Any CPU
		{BA2A42B8-A348-4D44-984C-1D718CB20B6F}.Release|Any CPU.Build.0 = Release|Any CPU
		{BA2A42B8-A348-4D44-984C-1D718CB20B6F}.Release|Mixed Platforms.ActiveCfg = Release|Any CPU
		{BA2A42B8-A348-4D44-984C-1D718CB20B6F}.Release|Mixed Platforms.Build.0 = Release|Any CPU
		{BA2A42B8-A348-4D44-984C-1D718CB20B6F}.Release|x86.ActiveCfg = Release|Any CPU
		{BA2A42B8-A348-4D44-984C-1D718CB20B6F}.Release|x86.Build.0 = Release|Any CPU
		{00E5D96D-DD45-47E8-AAA3-FDBFD8ADD61A}.All Projects|Any CPU.ActiveCfg = Debug|Any CPU
		{00E5D96D-DD45-47E8-AAA3-FDBFD8ADD61A}.All Projects|Any CPU.Build.0 = Debug|Any CPU
		{00E5D96D-DD45-47E8-AAA3-FDBFD8ADD61A}.All Projects|Mixed Platforms.ActiveCfg = Debug|Any CPU
		{00E5D96D-DD45-47E8-AAA3-FDBFD8ADD61A}.All Projects|Mixed Platforms.Build.0 = Debug|Any CPU
		{00E5D96D-DD45-47E8-AAA3-FDBFD8ADD61A}.All Projects|x86.ActiveCfg = Debug|Any CPU
		{00E5D96D-DD45-47E8-AAA3-FDBFD8ADD61A}.All Projects|x86.Build.0 = Debug|Any CPU
		{00E5D96D-DD45-47E8-AAA3-FDBFD8ADD61A}.Debug|Any CPU.ActiveCfg = Debug|Any CPU
		{00E5D96D-DD45-47E8-AAA3-FDBFD8ADD61A}.Debug|Any CPU.Build.0 = Debug|Any CPU
		{00E5D96D-DD45-47E8-AAA3-FDBFD8ADD61A}.Debug|Mixed Platforms.ActiveCfg = Debug|Any CPU
		{00E5D96D-DD45-47E8-AAA3-FDBFD8ADD61A}.Debug|Mixed Platforms.Build.0 = Debug|Any CPU
		{00E5D96D-DD45-47E8-AAA3-FDBFD8ADD61A}.Debug|x86.ActiveCfg = Debug|Any CPU
		{00E5D96D-DD45-47E8-AAA3-FDBFD8ADD61A}.Debug|x86.Build.0 = Debug|Any CPU
		{00E5D96D-DD45-47E8-AAA3-FDBFD8ADD61A}.None|Any CPU.ActiveCfg = Debug|Any CPU
		{00E5D96D-DD45-47E8-AAA3-FDBFD8ADD61A}.None|Any CPU.Build.0 = Debug|Any CPU
		{00E5D96D-DD45-47E8-AAA3-FDBFD8ADD61A}.None|Mixed Platforms.ActiveCfg = Debug|Any CPU
		{00E5D96D-DD45-47E8-AAA3-FDBFD8ADD61A}.None|Mixed Platforms.Build.0 = Debug|Any CPU
		{00E5D96D-DD45-47E8-AAA3-FDBFD8ADD61A}.None|x86.ActiveCfg = Debug|Any CPU
		{00E5D96D-DD45-47E8-AAA3-FDBFD8ADD61A}.None|x86.Build.0 = Debug|Any CPU
		{00E5D96D-DD45-47E8-AAA3-FDBFD8ADD61A}.Release|Any CPU.ActiveCfg = Release|Any CPU
		{00E5D96D-DD45-47E8-AAA3-FDBFD8ADD61A}.Release|Any CPU.Build.0 = Release|Any CPU
		{00E5D96D-DD45-47E8-AAA3-FDBFD8ADD61A}.Release|Mixed Platforms.ActiveCfg = Release|Any CPU
		{00E5D96D-DD45-47E8-AAA3-FDBFD8ADD61A}.Release|Mixed Platforms.Build.0 = Release|Any CPU
		{00E5D96D-DD45-47E8-AAA3-FDBFD8ADD61A}.Release|x86.ActiveCfg = Release|Any CPU
		{00E5D96D-DD45-47E8-AAA3-FDBFD8ADD61A}.Release|x86.Build.0 = Release|Any CPU
		{A3799525-14A2-42FC-A2DE-69ED3FD1C5D1}.All Projects|Any CPU.ActiveCfg = Debug|Any CPU
		{A3799525-14A2-42FC-A2DE-69ED3FD1C5D1}.All Projects|Any CPU.Build.0 = Debug|Any CPU
		{A3799525-14A2-42FC-A2DE-69ED3FD1C5D1}.All Projects|Mixed Platforms.ActiveCfg = Debug|Any CPU
		{A3799525-14A2-42FC-A2DE-69ED3FD1C5D1}.All Projects|Mixed Platforms.Build.0 = Debug|Any CPU
		{A3799525-14A2-42FC-A2DE-69ED3FD1C5D1}.All Projects|x86.ActiveCfg = Debug|Any CPU
		{A3799525-14A2-42FC-A2DE-69ED3FD1C5D1}.All Projects|x86.Build.0 = Debug|Any CPU
		{A3799525-14A2-42FC-A2DE-69ED3FD1C5D1}.Debug|Any CPU.ActiveCfg = Debug|Any CPU
		{A3799525-14A2-42FC-A2DE-69ED3FD1C5D1}.Debug|Any CPU.Build.0 = Debug|Any CPU
		{A3799525-14A2-42FC-A2DE-69ED3FD1C5D1}.Debug|Mixed Platforms.ActiveCfg = Debug|Any CPU
		{A3799525-14A2-42FC-A2DE-69ED3FD1C5D1}.Debug|Mixed Platforms.Build.0 = Debug|Any CPU
		{A3799525-14A2-42FC-A2DE-69ED3FD1C5D1}.Debug|x86.ActiveCfg = Debug|Any CPU
		{A3799525-14A2-42FC-A2DE-69ED3FD1C5D1}.Debug|x86.Build.0 = Debug|Any CPU
		{A3799525-14A2-42FC-A2DE-69ED3FD1C5D1}.None|Any CPU.ActiveCfg = Debug|Any CPU
		{A3799525-14A2-42FC-A2DE-69ED3FD1C5D1}.None|Any CPU.Build.0 = Debug|Any CPU
		{A3799525-14A2-42FC-A2DE-69ED3FD1C5D1}.None|Mixed Platforms.ActiveCfg = Debug|Any CPU
		{A3799525-14A2-42FC-A2DE-69ED3FD1C5D1}.None|Mixed Platforms.Build.0 = Debug|Any CPU
		{A3799525-14A2-42FC-A2DE-69ED3FD1C5D1}.None|x86.ActiveCfg = Debug|Any CPU
		{A3799525-14A2-42FC-A2DE-69ED3FD1C5D1}.None|x86.Build.0 = Debug|Any CPU
		{A3799525-14A2-42FC-A2DE-69ED3FD1C5D1}.Release|Any CPU.ActiveCfg = Release|Any CPU
		{A3799525-14A2-42FC-A2DE-69ED3FD1C5D1}.Release|Any CPU.Build.0 = Release|Any CPU
		{A3799525-14A2-42FC-A2DE-69ED3FD1C5D1}.Release|Mixed Platforms.ActiveCfg = Release|Any CPU
		{A3799525-14A2-42FC-A2DE-69ED3FD1C5D1}.Release|Mixed Platforms.Build.0 = Release|Any CPU
		{A3799525-14A2-42FC-A2DE-69ED3FD1C5D1}.Release|x86.ActiveCfg = Release|Any CPU
		{A3799525-14A2-42FC-A2DE-69ED3FD1C5D1}.Release|x86.Build.0 = Release|Any CPU
		{6B7FB227-28D2-45B8-B079-2E2F4251510D}.All Projects|Any CPU.ActiveCfg = Debug|Any CPU
		{6B7FB227-28D2-45B8-B079-2E2F4251510D}.All Projects|Any CPU.Build.0 = Debug|Any CPU
		{6B7FB227-28D2-45B8-B079-2E2F4251510D}.All Projects|Mixed Platforms.ActiveCfg = Debug|Any CPU
		{6B7FB227-28D2-45B8-B079-2E2F4251510D}.All Projects|Mixed Platforms.Build.0 = Debug|Any CPU
		{6B7FB227-28D2-45B8-B079-2E2F4251510D}.All Projects|x86.ActiveCfg = Debug|Any CPU
		{6B7FB227-28D2-45B8-B079-2E2F4251510D}.All Projects|x86.Build.0 = Debug|Any CPU
		{6B7FB227-28D2-45B8-B079-2E2F4251510D}.Debug|Any CPU.ActiveCfg = Debug|Any CPU
		{6B7FB227-28D2-45B8-B079-2E2F4251510D}.Debug|Any CPU.Build.0 = Debug|Any CPU
		{6B7FB227-28D2-45B8-B079-2E2F4251510D}.Debug|Mixed Platforms.ActiveCfg = Debug|Any CPU
		{6B7FB227-28D2-45B8-B079-2E2F4251510D}.Debug|Mixed Platforms.Build.0 = Debug|Any CPU
		{6B7FB227-28D2-45B8-B079-2E2F4251510D}.Debug|x86.ActiveCfg = Debug|Any CPU
		{6B7FB227-28D2-45B8-B079-2E2F4251510D}.Debug|x86.Build.0 = Debug|Any CPU
		{6B7FB227-28D2-45B8-B079-2E2F4251510D}.None|Any CPU.ActiveCfg = Debug|Any CPU
		{6B7FB227-28D2-45B8-B079-2E2F4251510D}.None|Any CPU.Build.0 = Debug|Any CPU
		{6B7FB227-28D2-45B8-B079-2E2F4251510D}.None|Mixed Platforms.ActiveCfg = Debug|Any CPU
		{6B7FB227-28D2-45B8-B079-2E2F4251510D}.None|Mixed Platforms.Build.0 = Debug|Any CPU
		{6B7FB227-28D2-45B8-B079-2E2F4251510D}.None|x86.ActiveCfg = Debug|Any CPU
		{6B7FB227-28D2-45B8-B079-2E2F4251510D}.None|x86.Build.0 = Debug|Any CPU
		{6B7FB227-28D2-45B8-B079-2E2F4251510D}.Release|Any CPU.ActiveCfg = Release|Any CPU
		{6B7FB227-28D2-45B8-B079-2E2F4251510D}.Release|Any CPU.Build.0 = Release|Any CPU
		{6B7FB227-28D2-45B8-B079-2E2F4251510D}.Release|Mixed Platforms.ActiveCfg = Release|Any CPU
		{6B7FB227-28D2-45B8-B079-2E2F4251510D}.Release|Mixed Platforms.Build.0 = Release|Any CPU
		{6B7FB227-28D2-45B8-B079-2E2F4251510D}.Release|x86.ActiveCfg = Release|Any CPU
		{6B7FB227-28D2-45B8-B079-2E2F4251510D}.Release|x86.Build.0 = Release|Any CPU
		{A663E7EF-B858-4BB6-BC33-E473F51B8E56}.All Projects|Any CPU.ActiveCfg = All Projects|Any CPU
		{A663E7EF-B858-4BB6-BC33-E473F51B8E56}.All Projects|Any CPU.Build.0 = All Projects|Any CPU
		{A663E7EF-B858-4BB6-BC33-E473F51B8E56}.All Projects|Mixed Platforms.ActiveCfg = All Projects|Any CPU
		{A663E7EF-B858-4BB6-BC33-E473F51B8E56}.All Projects|Mixed Platforms.Build.0 = All Projects|Any CPU
		{A663E7EF-B858-4BB6-BC33-E473F51B8E56}.All Projects|x86.ActiveCfg = All Projects|Any CPU
		{A663E7EF-B858-4BB6-BC33-E473F51B8E56}.All Projects|x86.Build.0 = All Projects|Any CPU
		{A663E7EF-B858-4BB6-BC33-E473F51B8E56}.Debug|Any CPU.ActiveCfg = Debug|Any CPU
		{A663E7EF-B858-4BB6-BC33-E473F51B8E56}.Debug|Any CPU.Build.0 = Debug|Any CPU
		{A663E7EF-B858-4BB6-BC33-E473F51B8E56}.Debug|Mixed Platforms.ActiveCfg = Debug|Any CPU
		{A663E7EF-B858-4BB6-BC33-E473F51B8E56}.Debug|Mixed Platforms.Build.0 = Debug|Any CPU
		{A663E7EF-B858-4BB6-BC33-E473F51B8E56}.Debug|x86.ActiveCfg = Debug|Any CPU
		{A663E7EF-B858-4BB6-BC33-E473F51B8E56}.Debug|x86.Build.0 = Debug|Any CPU
		{A663E7EF-B858-4BB6-BC33-E473F51B8E56}.None|Any CPU.ActiveCfg = None|Any CPU
		{A663E7EF-B858-4BB6-BC33-E473F51B8E56}.None|Any CPU.Build.0 = None|Any CPU
		{A663E7EF-B858-4BB6-BC33-E473F51B8E56}.None|Mixed Platforms.ActiveCfg = None|Any CPU
		{A663E7EF-B858-4BB6-BC33-E473F51B8E56}.None|Mixed Platforms.Build.0 = None|Any CPU
		{A663E7EF-B858-4BB6-BC33-E473F51B8E56}.None|x86.ActiveCfg = None|Any CPU
		{A663E7EF-B858-4BB6-BC33-E473F51B8E56}.None|x86.Build.0 = None|Any CPU
		{A663E7EF-B858-4BB6-BC33-E473F51B8E56}.Release|Any CPU.ActiveCfg = Release|Any CPU
		{A663E7EF-B858-4BB6-BC33-E473F51B8E56}.Release|Any CPU.Build.0 = Release|Any CPU
		{A663E7EF-B858-4BB6-BC33-E473F51B8E56}.Release|Mixed Platforms.ActiveCfg = Release|Any CPU
		{A663E7EF-B858-4BB6-BC33-E473F51B8E56}.Release|Mixed Platforms.Build.0 = Release|Any CPU
		{A663E7EF-B858-4BB6-BC33-E473F51B8E56}.Release|x86.ActiveCfg = Release|Any CPU
		{A663E7EF-B858-4BB6-BC33-E473F51B8E56}.Release|x86.Build.0 = Release|Any CPU
		{6D7FFAD2-35B6-4133-8700-CF73E58D0C85}.All Projects|Any CPU.ActiveCfg = All Projects|Any CPU
		{6D7FFAD2-35B6-4133-8700-CF73E58D0C85}.All Projects|Mixed Platforms.ActiveCfg = All Projects|Any CPU
		{6D7FFAD2-35B6-4133-8700-CF73E58D0C85}.All Projects|Mixed Platforms.Build.0 = All Projects|Any CPU
		{6D7FFAD2-35B6-4133-8700-CF73E58D0C85}.All Projects|x86.ActiveCfg = All Projects|Any CPU
		{6D7FFAD2-35B6-4133-8700-CF73E58D0C85}.All Projects|x86.Build.0 = All Projects|Any CPU
		{6D7FFAD2-35B6-4133-8700-CF73E58D0C85}.Debug|Any CPU.ActiveCfg = Debug|Any CPU
		{6D7FFAD2-35B6-4133-8700-CF73E58D0C85}.Debug|Any CPU.Build.0 = Debug|Any CPU
		{6D7FFAD2-35B6-4133-8700-CF73E58D0C85}.Debug|Mixed Platforms.ActiveCfg = Debug|Any CPU
		{6D7FFAD2-35B6-4133-8700-CF73E58D0C85}.Debug|Mixed Platforms.Build.0 = Debug|Any CPU
		{6D7FFAD2-35B6-4133-8700-CF73E58D0C85}.Debug|x86.ActiveCfg = Debug|Any CPU
		{6D7FFAD2-35B6-4133-8700-CF73E58D0C85}.Debug|x86.Build.0 = Debug|Any CPU
		{6D7FFAD2-35B6-4133-8700-CF73E58D0C85}.None|Any CPU.ActiveCfg = None|Any CPU
		{6D7FFAD2-35B6-4133-8700-CF73E58D0C85}.None|Any CPU.Build.0 = None|Any CPU
		{6D7FFAD2-35B6-4133-8700-CF73E58D0C85}.None|Mixed Platforms.ActiveCfg = None|Any CPU
		{6D7FFAD2-35B6-4133-8700-CF73E58D0C85}.None|Mixed Platforms.Build.0 = None|Any CPU
		{6D7FFAD2-35B6-4133-8700-CF73E58D0C85}.None|x86.ActiveCfg = None|Any CPU
		{6D7FFAD2-35B6-4133-8700-CF73E58D0C85}.None|x86.Build.0 = None|Any CPU
		{6D7FFAD2-35B6-4133-8700-CF73E58D0C85}.Release|Any CPU.ActiveCfg = Release|Any CPU
		{6D7FFAD2-35B6-4133-8700-CF73E58D0C85}.Release|Any CPU.Build.0 = Release|Any CPU
		{6D7FFAD2-35B6-4133-8700-CF73E58D0C85}.Release|Mixed Platforms.ActiveCfg = Release|Any CPU
		{6D7FFAD2-35B6-4133-8700-CF73E58D0C85}.Release|Mixed Platforms.Build.0 = Release|Any CPU
		{6D7FFAD2-35B6-4133-8700-CF73E58D0C85}.Release|x86.ActiveCfg = Release|Any CPU
		{6D7FFAD2-35B6-4133-8700-CF73E58D0C85}.Release|x86.Build.0 = Release|Any CPU
		{6D5CF168-5E41-4CB6-BB30-04445578C5B4}.All Projects|Any CPU.ActiveCfg = Debug|Any CPU
		{6D5CF168-5E41-4CB6-BB30-04445578C5B4}.All Projects|Any CPU.Build.0 = Debug|Any CPU
		{6D5CF168-5E41-4CB6-BB30-04445578C5B4}.All Projects|Mixed Platforms.ActiveCfg = Debug|Any CPU
		{6D5CF168-5E41-4CB6-BB30-04445578C5B4}.All Projects|Mixed Platforms.Build.0 = Debug|Any CPU
		{6D5CF168-5E41-4CB6-BB30-04445578C5B4}.All Projects|x86.ActiveCfg = Debug|Any CPU
		{6D5CF168-5E41-4CB6-BB30-04445578C5B4}.All Projects|x86.Build.0 = Debug|Any CPU
		{6D5CF168-5E41-4CB6-BB30-04445578C5B4}.Debug|Any CPU.ActiveCfg = Debug|Any CPU
		{6D5CF168-5E41-4CB6-BB30-04445578C5B4}.Debug|Any CPU.Build.0 = Debug|Any CPU
		{6D5CF168-5E41-4CB6-BB30-04445578C5B4}.Debug|Mixed Platforms.ActiveCfg = Debug|Any CPU
		{6D5CF168-5E41-4CB6-BB30-04445578C5B4}.Debug|Mixed Platforms.Build.0 = Debug|Any CPU
		{6D5CF168-5E41-4CB6-BB30-04445578C5B4}.Debug|x86.ActiveCfg = Debug|Any CPU
		{6D5CF168-5E41-4CB6-BB30-04445578C5B4}.Debug|x86.Build.0 = Debug|Any CPU
		{6D5CF168-5E41-4CB6-BB30-04445578C5B4}.None|Any CPU.ActiveCfg = Debug|Any CPU
		{6D5CF168-5E41-4CB6-BB30-04445578C5B4}.None|Any CPU.Build.0 = Debug|Any CPU
		{6D5CF168-5E41-4CB6-BB30-04445578C5B4}.None|Mixed Platforms.ActiveCfg = Debug|Any CPU
		{6D5CF168-5E41-4CB6-BB30-04445578C5B4}.None|Mixed Platforms.Build.0 = Debug|Any CPU
		{6D5CF168-5E41-4CB6-BB30-04445578C5B4}.None|x86.ActiveCfg = Debug|Any CPU
		{6D5CF168-5E41-4CB6-BB30-04445578C5B4}.None|x86.Build.0 = Debug|Any CPU
		{6D5CF168-5E41-4CB6-BB30-04445578C5B4}.Release|Any CPU.ActiveCfg = Release|Any CPU
		{6D5CF168-5E41-4CB6-BB30-04445578C5B4}.Release|Any CPU.Build.0 = Release|Any CPU
		{6D5CF168-5E41-4CB6-BB30-04445578C5B4}.Release|Mixed Platforms.ActiveCfg = Release|Any CPU
		{6D5CF168-5E41-4CB6-BB30-04445578C5B4}.Release|Mixed Platforms.Build.0 = Release|Any CPU
		{6D5CF168-5E41-4CB6-BB30-04445578C5B4}.Release|x86.ActiveCfg = Release|Any CPU
		{6D5CF168-5E41-4CB6-BB30-04445578C5B4}.Release|x86.Build.0 = Release|Any CPU
		{8108DD79-196B-4C2C-82A9-F995877723B1}.All Projects|Any CPU.ActiveCfg = Debug|Any CPU
		{8108DD79-196B-4C2C-82A9-F995877723B1}.All Projects|Any CPU.Build.0 = Debug|Any CPU
		{8108DD79-196B-4C2C-82A9-F995877723B1}.All Projects|Mixed Platforms.ActiveCfg = Debug|Any CPU
		{8108DD79-196B-4C2C-82A9-F995877723B1}.All Projects|Mixed Platforms.Build.0 = Debug|Any CPU
		{8108DD79-196B-4C2C-82A9-F995877723B1}.All Projects|x86.ActiveCfg = Debug|Any CPU
		{8108DD79-196B-4C2C-82A9-F995877723B1}.All Projects|x86.Build.0 = Debug|Any CPU
		{8108DD79-196B-4C2C-82A9-F995877723B1}.Debug|Any CPU.ActiveCfg = Debug|Any CPU
		{8108DD79-196B-4C2C-82A9-F995877723B1}.Debug|Any CPU.Build.0 = Debug|Any CPU
		{8108DD79-196B-4C2C-82A9-F995877723B1}.Debug|Mixed Platforms.ActiveCfg = Debug|Any CPU
		{8108DD79-196B-4C2C-82A9-F995877723B1}.Debug|Mixed Platforms.Build.0 = Debug|Any CPU
		{8108DD79-196B-4C2C-82A9-F995877723B1}.Debug|x86.ActiveCfg = Debug|Any CPU
		{8108DD79-196B-4C2C-82A9-F995877723B1}.Debug|x86.Build.0 = Debug|Any CPU
		{8108DD79-196B-4C2C-82A9-F995877723B1}.None|Any CPU.ActiveCfg = Debug|Any CPU
		{8108DD79-196B-4C2C-82A9-F995877723B1}.None|Any CPU.Build.0 = Debug|Any CPU
		{8108DD79-196B-4C2C-82A9-F995877723B1}.None|Mixed Platforms.ActiveCfg = Debug|Any CPU
		{8108DD79-196B-4C2C-82A9-F995877723B1}.None|Mixed Platforms.Build.0 = Debug|Any CPU
		{8108DD79-196B-4C2C-82A9-F995877723B1}.None|x86.ActiveCfg = Debug|Any CPU
		{8108DD79-196B-4C2C-82A9-F995877723B1}.None|x86.Build.0 = Debug|Any CPU
		{8108DD79-196B-4C2C-82A9-F995877723B1}.Release|Any CPU.ActiveCfg = Release|Any CPU
		{8108DD79-196B-4C2C-82A9-F995877723B1}.Release|Any CPU.Build.0 = Release|Any CPU
		{8108DD79-196B-4C2C-82A9-F995877723B1}.Release|Mixed Platforms.ActiveCfg = Release|Any CPU
		{8108DD79-196B-4C2C-82A9-F995877723B1}.Release|Mixed Platforms.Build.0 = Release|Any CPU
		{8108DD79-196B-4C2C-82A9-F995877723B1}.Release|x86.ActiveCfg = Release|Any CPU
		{8108DD79-196B-4C2C-82A9-F995877723B1}.Release|x86.Build.0 = Release|Any CPU
		{9B477A08-8EE2-4457-88FE-17E8A6EC4D00}.All Projects|Any CPU.ActiveCfg = All Projects|Any CPU
		{9B477A08-8EE2-4457-88FE-17E8A6EC4D00}.All Projects|Any CPU.Build.0 = All Projects|Any CPU
		{9B477A08-8EE2-4457-88FE-17E8A6EC4D00}.All Projects|Mixed Platforms.ActiveCfg = All Projects|x64
		{9B477A08-8EE2-4457-88FE-17E8A6EC4D00}.All Projects|Mixed Platforms.Build.0 = All Projects|x64
		{9B477A08-8EE2-4457-88FE-17E8A6EC4D00}.All Projects|x86.ActiveCfg = All Projects|Any CPU
		{9B477A08-8EE2-4457-88FE-17E8A6EC4D00}.All Projects|x86.Build.0 = All Projects|Any CPU
		{9B477A08-8EE2-4457-88FE-17E8A6EC4D00}.Debug|Any CPU.ActiveCfg = Debug|Any CPU
		{9B477A08-8EE2-4457-88FE-17E8A6EC4D00}.Debug|Any CPU.Build.0 = Debug|Any CPU
		{9B477A08-8EE2-4457-88FE-17E8A6EC4D00}.Debug|Mixed Platforms.ActiveCfg = Debug|x64
		{9B477A08-8EE2-4457-88FE-17E8A6EC4D00}.Debug|Mixed Platforms.Build.0 = Debug|x64
		{9B477A08-8EE2-4457-88FE-17E8A6EC4D00}.Debug|x86.ActiveCfg = Debug|Any CPU
		{9B477A08-8EE2-4457-88FE-17E8A6EC4D00}.Debug|x86.Build.0 = Debug|Any CPU
		{9B477A08-8EE2-4457-88FE-17E8A6EC4D00}.None|Any CPU.ActiveCfg = None|Any CPU
		{9B477A08-8EE2-4457-88FE-17E8A6EC4D00}.None|Any CPU.Build.0 = None|Any CPU
		{9B477A08-8EE2-4457-88FE-17E8A6EC4D00}.None|Mixed Platforms.ActiveCfg = None|x64
		{9B477A08-8EE2-4457-88FE-17E8A6EC4D00}.None|Mixed Platforms.Build.0 = None|x64
		{9B477A08-8EE2-4457-88FE-17E8A6EC4D00}.None|x86.ActiveCfg = None|Any CPU
		{9B477A08-8EE2-4457-88FE-17E8A6EC4D00}.None|x86.Build.0 = None|Any CPU
		{9B477A08-8EE2-4457-88FE-17E8A6EC4D00}.Release|Any CPU.ActiveCfg = Release|Any CPU
		{9B477A08-8EE2-4457-88FE-17E8A6EC4D00}.Release|Any CPU.Build.0 = Release|Any CPU
		{9B477A08-8EE2-4457-88FE-17E8A6EC4D00}.Release|Mixed Platforms.ActiveCfg = Release|x64
		{9B477A08-8EE2-4457-88FE-17E8A6EC4D00}.Release|Mixed Platforms.Build.0 = Release|x64
		{9B477A08-8EE2-4457-88FE-17E8A6EC4D00}.Release|x86.ActiveCfg = Release|Any CPU
		{9B477A08-8EE2-4457-88FE-17E8A6EC4D00}.Release|x86.Build.0 = Release|Any CPU
		{ACC2EA9E-E150-4099-8AA1-66326AB14BE8}.All Projects|Any CPU.ActiveCfg = All Projects|Any CPU
		{ACC2EA9E-E150-4099-8AA1-66326AB14BE8}.All Projects|Any CPU.Build.0 = All Projects|Any CPU
		{ACC2EA9E-E150-4099-8AA1-66326AB14BE8}.All Projects|Mixed Platforms.ActiveCfg = All Projects|x64
		{ACC2EA9E-E150-4099-8AA1-66326AB14BE8}.All Projects|Mixed Platforms.Build.0 = All Projects|x64
		{ACC2EA9E-E150-4099-8AA1-66326AB14BE8}.All Projects|x86.ActiveCfg = All Projects|Any CPU
		{ACC2EA9E-E150-4099-8AA1-66326AB14BE8}.All Projects|x86.Build.0 = All Projects|Any CPU
		{ACC2EA9E-E150-4099-8AA1-66326AB14BE8}.Debug|Any CPU.ActiveCfg = Debug|Any CPU
		{ACC2EA9E-E150-4099-8AA1-66326AB14BE8}.Debug|Any CPU.Build.0 = Debug|Any CPU
		{ACC2EA9E-E150-4099-8AA1-66326AB14BE8}.Debug|Mixed Platforms.ActiveCfg = Debug|x64
		{ACC2EA9E-E150-4099-8AA1-66326AB14BE8}.Debug|Mixed Platforms.Build.0 = Debug|x64
		{ACC2EA9E-E150-4099-8AA1-66326AB14BE8}.Debug|x86.ActiveCfg = Debug|Any CPU
		{ACC2EA9E-E150-4099-8AA1-66326AB14BE8}.Debug|x86.Build.0 = Debug|Any CPU
		{ACC2EA9E-E150-4099-8AA1-66326AB14BE8}.None|Any CPU.ActiveCfg = None|Any CPU
		{ACC2EA9E-E150-4099-8AA1-66326AB14BE8}.None|Any CPU.Build.0 = None|Any CPU
		{ACC2EA9E-E150-4099-8AA1-66326AB14BE8}.None|Mixed Platforms.ActiveCfg = None|x64
		{ACC2EA9E-E150-4099-8AA1-66326AB14BE8}.None|Mixed Platforms.Build.0 = None|x64
		{ACC2EA9E-E150-4099-8AA1-66326AB14BE8}.None|x86.ActiveCfg = None|Any CPU
		{ACC2EA9E-E150-4099-8AA1-66326AB14BE8}.None|x86.Build.0 = None|Any CPU
		{ACC2EA9E-E150-4099-8AA1-66326AB14BE8}.Release|Any CPU.ActiveCfg = Release|Any CPU
		{ACC2EA9E-E150-4099-8AA1-66326AB14BE8}.Release|Any CPU.Build.0 = Release|Any CPU
		{ACC2EA9E-E150-4099-8AA1-66326AB14BE8}.Release|Mixed Platforms.ActiveCfg = Release|x64
		{ACC2EA9E-E150-4099-8AA1-66326AB14BE8}.Release|Mixed Platforms.Build.0 = Release|x64
		{ACC2EA9E-E150-4099-8AA1-66326AB14BE8}.Release|x86.ActiveCfg = Release|Any CPU
		{ACC2EA9E-E150-4099-8AA1-66326AB14BE8}.Release|x86.Build.0 = Release|Any CPU
	EndGlobalSection
	GlobalSection(SolutionProperties) = preSolution
		HideSolutionNode = FALSE
	EndGlobalSection
	GlobalSection(ExtensibilityGlobals) = postSolution
		SolutionGuid = {EAEA12BE-9B43-40D3-B345-CC85FD0EF17A}
	EndGlobalSection
EndGlobal
