
Microsoft Visual Studio Solution File, Format Version 12.00
# Visual Studio Version 17
VisualStudioVersion = 17.6.33815.320
MinimumVisualStudioVersion = 10.0.40219.1
Project("{FAE04EC0-301F-11D3-BF4B-00C04F79EFBC}") = "WWApi", "WWApi.csproj", "{77A9621C-C5F0-4841-90E8-7C0ACEAA516B}"
EndProject
Global
	GlobalSection(SolutionConfigurationPlatforms) = preSolution
		Debug|Any CPU = Debug|Any CPU
		Release|Any CPU = Release|Any CPU
	EndGlobalSection
	GlobalSection(ProjectConfigurationPlatforms) = postSolution
		{77A9621C-C5F0-4841-90E8-7C0ACEAA516B}.Debug|Any CPU.ActiveCfg = Debug|Any CPU
		{77A9621C-C5F0-4841-90E8-7C0ACEAA516B}.Debug|Any CPU.Build.0 = Debug|Any CPU
		{77A9621C-C5F0-4841-90E8-7C0ACEAA516B}.Release|Any CPU.ActiveCfg = Release|Any CPU
		{77A9621C-C5F0-4841-90E8-7C0ACEAA516B}.Release|Any CPU.Build.0 = Release|Any CPU
	EndGlobalSection
	GlobalSection(SolutionProperties) = preSolution
		HideSolutionNode = FALSE
	EndGlobalSection
	GlobalSection(ExtensibilityGlobals) = postSolution
		SolutionGuid = {C4D78651-A529-46BD-B66F-FD7F0CBEFB01}
	EndGlobalSection
EndGlobal
