
Microsoft Visual Studio Solution File, Format Version 12.00
# Visual Studio Version 17
VisualStudioVersion = 17.10.35013.160
MinimumVisualStudioVersion = 10.0.40219.1
Project("{2150E333-8FDC-42A3-9474-1A3956D46DE8}") = "Infrastructure", "Infrastructure", "{9697D8D9-104B-4B72-940D-6ABD39870532}"
EndProject
Project("{2150E333-8FDC-42A3-9474-1A3956D46DE8}") = "Invoice", "Invoice", "{2DA05D28-51A2-4CA9-854C-E69F708079EF}"
EndProject
Project("{2150E333-8FDC-42A3-9474-1A3956D46DE8}") = "Shipment", "Shipment", "{E29F1DCD-EE76-4594-8F6D-2CEA08B840E4}"
EndProject
Project("{FAE04EC0-301F-11D3-BF4B-00C04F79EFBC}") = "AmitalCloud.Shipment.Application", "AmitalCloud.Shipment.Application\AmitalCloud.Shipment.Application.csproj", "{664D7D80-1761-4F4B-8403-99AB9573876C}"
	ProjectSection(ProjectDependencies) = postProject
		{11015707-4063-45D9-9DB9-3224DFC3692E} = {11015707-4063-45D9-9DB9-3224DFC3692E}
	EndProjectSection
EndProject
Project("{FAE04EC0-301F-11D3-BF4B-00C04F79EFBC}") = "AmitalCloud.Shipment.Data", "AmitalCloud.Shipment.Data\AmitalCloud.Shipment.Data.csproj", "{8CEB16DA-28A9-41D7-BF6C-53BD9A63C3D9}"
EndProject
Project("{FAE04EC0-301F-11D3-BF4B-00C04F79EFBC}") = "AmitalCloud.Shipment.Domain", "AmitalCloud.Shipment.Domain\AmitalCloud.Shipment.Domain.csproj", "{3240D3D5-3BC4-4ED7-A442-A8D645B1E849}"
	ProjectSection(ProjectDependencies) = postProject
		{1CB82E4E-88FF-4772-BFD6-5EC33B23F1CF} = {1CB82E4E-88FF-4772-BFD6-5EC33B23F1CF}
		{44569E01-72A9-4546-99A9-96C8D56D5404} = {44569E01-72A9-4546-99A9-96C8D56D5404}
	EndProjectSection
EndProject
Project("{FAE04EC0-301F-11D3-BF4B-00C04F79EFBC}") = "AmitalCloud.Shipment.MetaData", "AmitalCloud.Shipment.MetaData\AmitalCloud.Shipment.MetaData.csproj", "{B5A12650-6521-4EC5-B7F2-DBBE9F88E89B}"
EndProject
Project("{FAE04EC0-301F-11D3-BF4B-00C04F79EFBC}") = "AmitalCloud.Shipment.Web", "AmitalCloud.Shipment.Web\AmitalCloud.Shipment.Web.csproj", "{FE6071DD-A0E3-4310-B1D3-2D0F0B0224AB}"
	ProjectSection(ProjectDependencies) = postProject
		{439D6670-51B0-425C-B082-7050069A052B} = {439D6670-51B0-425C-B082-7050069A052B}
	EndProjectSection
EndProject
Project("{FAE04EC0-301F-11D3-BF4B-00C04F79EFBC}") = "AmitalCloud.Infrastructure.Application", "AmitalCloud.Infrastructure.Application\AmitalCloud.Infrastructure.Application.csproj", "{11015707-4063-45D9-9DB9-3224DFC3692E}"
	ProjectSection(ProjectDependencies) = postProject
		{9E950E38-E9C2-4BD7-A272-C52729CA05C0} = {9E950E38-E9C2-4BD7-A272-C52729CA05C0}
	EndProjectSection
EndProject
Project("{FAE04EC0-301F-11D3-BF4B-00C04F79EFBC}") = "AmitalCloud.Infrastructure.Data", "AmitalCloud.Infrastructure.Data\AmitalCloud.Infrastructure.Data.csproj", "{9E950E38-E9C2-4BD7-A272-C52729CA05C0}"
EndProject
Project("{FAE04EC0-301F-11D3-BF4B-00C04F79EFBC}") = "AmitalCloud.Infrastructure.Domain", "AmitalCloud.Infrastructure.Domain\AmitalCloud.Infrastructure.Domain.csproj", "{1CB82E4E-88FF-4772-BFD6-5EC33B23F1CF}"
EndProject
Project("{FAE04EC0-301F-11D3-BF4B-00C04F79EFBC}") = "AmitalCloud.Infrastructure.MetaData", "AmitalCloud.Infrastructure.MetaData\AmitalCloud.Infrastructure.MetaData.csproj", "{7912DCA7-82EC-44EA-86E0-0E9E9C27D298}"
EndProject
Project("{FAE04EC0-301F-11D3-BF4B-00C04F79EFBC}") = "AmitalCloud.Infrastructure.Web", "AmitalCloud.Infrastructure.Web\AmitalCloud.Infrastructure.Web.csproj", "{439D6670-51B0-425C-B082-7050069A052B}"
EndProject
Project("{FAE04EC0-301F-11D3-BF4B-00C04F79EFBC}") = "AmitalCloud.Invoice.Application", "AmitalCloud.Invoice.Application\AmitalCloud.Invoice.Application.csproj", "{B76DAA64-2C41-4A6A-9FBC-7E29B41FCFD6}"
	ProjectSection(ProjectDependencies) = postProject
		{11015707-4063-45D9-9DB9-3224DFC3692E} = {11015707-4063-45D9-9DB9-3224DFC3692E}
	EndProjectSection
EndProject
Project("{FAE04EC0-301F-11D3-BF4B-00C04F79EFBC}") = "AmitalCloud.Invoice.Data", "AmitalCloud.Invoice.Data\AmitalCloud.Invoice.Data.csproj", "{D3800925-3888-4BDE-80E4-5BA589F726F7}"
	ProjectSection(ProjectDependencies) = postProject
		{9E950E38-E9C2-4BD7-A272-C52729CA05C0} = {9E950E38-E9C2-4BD7-A272-C52729CA05C0}
	EndProjectSection
EndProject
Project("{FAE04EC0-301F-11D3-BF4B-00C04F79EFBC}") = "AmitalCloud.Invoice.Domain", "AmitalCloud.Invoice.Domain\AmitalCloud.Invoice.Domain.csproj", "{44569E01-72A9-4546-99A9-96C8D56D5404}"
	ProjectSection(ProjectDependencies) = postProject
		{1CB82E4E-88FF-4772-BFD6-5EC33B23F1CF} = {1CB82E4E-88FF-4772-BFD6-5EC33B23F1CF}
	EndProjectSection
EndProject
Project("{FAE04EC0-301F-11D3-BF4B-00C04F79EFBC}") = "AmitalCloud.Invoice.MetaData", "AmitalCloud.Invoice.MetaData\AmitalCloud.Invoice.MetaData.csproj", "{43DFC050-F871-4B67-BF11-08FE75569238}"
EndProject
Project("{FAE04EC0-301F-11D3-BF4B-00C04F79EFBC}") = "AmitalCloud.Invoice.Web", "AmitalCloud.Invoice.Web\AmitalCloud.Invoice.Web.csproj", "{011E7DA4-F5A1-4358-9B9D-BD5464A940CF}"
	ProjectSection(ProjectDependencies) = postProject
		{439D6670-51B0-425C-B082-7050069A052B} = {439D6670-51B0-425C-B082-7050069A052B}
	EndProjectSection
EndProject
Project("{FAE04EC0-301F-11D3-BF4B-00C04F79EFBC}") = "AmitalCloud.Infrastructure.APITools", "AmitalCloud.Infrastructure.APITools\AmitalCloud.Infrastructure.APITools.csproj", "{18E5126B-FC12-4521-A74A-8D57B02FB0D3}"
EndProject
Project("{9A19103F-16F7-4668-BE54-9A1E7A4F7556}") = "AmitalCloud.Infrastructure.WebCore", "AmitalCloud.Infrastructure.WebCore\AmitalCloud.Infrastructure.WebCore.csproj", "{74D42AB8-0B5F-4286-9F7B-699EC754FC9C}"
EndProject
Project("{9A19103F-16F7-4668-BE54-9A1E7A4F7556}") = "AmitalCloud.Infrastructure.DomainCore", "AmitalCloud.Infrastructure.DomainCore\AmitalCloud.Infrastructure.DomainCore.csproj", "{8C2BA7C1-A1CD-4A89-AC1C-766D618DE1BB}"
EndProject
Project("{9A19103F-16F7-4668-BE54-9A1E7A4F7556}") = "AmitalCloud.Infrastructure.DataCore", "AmitalCloud.Infrastructure.DataCore\AmitalCloud.Infrastructure.DataCore.csproj", "{EBE5DF04-6FE2-4518-8EF3-7C3ECA262321}"
EndProject
Project("{9A19103F-16F7-4668-BE54-9A1E7A4F7556}") = "AmitalCloud.Infrastructure.ApplicationCore", "AmitalCloud.Infrastructure.ApplicationCore\AmitalCloud.Infrastructure.ApplicationCore.csproj", "{20DD7F50-B3FC-4853-A8D9-38034E380645}"
EndProject
Project("{2150E333-8FDC-42A3-9474-1A3956D46DE8}") = "InfrastructureCore.Old", "InfrastructureCore.Old", "{225B470B-8DFD-4FA8-BA49-AC1841BEC9AE}"
EndProject
Project("{2150E333-8FDC-42A3-9474-1A3956D46DE8}") = "Tools", "Tools", "{213C3B89-F127-4844-A59A-430653207DE3}"
EndProject
Project("{FAE04EC0-301F-11D3-BF4B-00C04F79EFBC}") = "AmitalCloud.AutoGeneratedTemplates", "AmitalCloud.AutoGeneratedTemplates\AmitalCloud.AutoGeneratedTemplates.csproj", "{95C8FC5E-E864-436F-AC95-A0A81A801D30}"
EndProject
Project("{2150E333-8FDC-42A3-9474-1A3956D46DE8}") = "Model", "Model", "{07BD4F66-7E04-46BA-AEA6-C708E889EC7D}"
EndProject
Project("{FAE04EC0-301F-11D3-BF4B-00C04F79EFBC}") = "AmitalCloud.Infrastructure.Model", "AmitalCloud.Infrastructure.Model\AmitalCloud.Infrastructure.Model.csproj", "{B03864C5-0C52-465B-9206-3FFF150413B9}"
EndProject
Project("{2150E333-8FDC-42A3-9474-1A3956D46DE8}") = "Infrastructure.Core", "Infrastructure.Core", "{69B9B197-F47F-421C-8BBA-636A42002B9D}"
EndProject
Project("{2150E333-8FDC-42A3-9474-1A3956D46DE8}") = "Model", "Model", "{D1BCB4A9-960E-43AB-BF63-EFE494361871}"
EndProject
Project("{9A19103F-16F7-4668-BE54-9A1E7A4F7556}") = "AmitalCloud.Infrastructure.Model", "Core\AmitalCloud.Infrastructure.Model\AmitalCloud.Infrastructure.Model.csproj", "{E83CE031-ED1B-43C4-AB1C-27EBBF2FB235}"
EndProject
Project("{9A19103F-16F7-4668-BE54-9A1E7A4F7556}") = "AmitalCloud.Infrastructure.Domain", "Core\AmitalCloud.Infrastructure.Domain\AmitalCloud.Infrastructure.Domain.csproj", "{D4EF9158-DC26-47E5-91C9-299449AAC2DD}"
	ProjectSection(ProjectDependencies) = postProject
		{E83CE031-ED1B-43C4-AB1C-27EBBF2FB235} = {E83CE031-ED1B-43C4-AB1C-27EBBF2FB235}
	EndProjectSection
EndProject
Project("{9A19103F-16F7-4668-BE54-9A1E7A4F7556}") = "AmitalCloud.Infrastructure.Data", "Core\AmitalCloud.Infrastructure.Data\AmitalCloud.Infrastructure.Data.csproj", "{6FC95BE2-1BAA-49FC-944F-7B3859044124}"
EndProject
Project("{9A19103F-16F7-4668-BE54-9A1E7A4F7556}") = "AmitalCloud.Infrastructure.MetaData", "Core\AmitalCloud.Infrastructure.MetaData\AmitalCloud.Infrastructure.MetaData.csproj", "{B8B388F7-1A6A-40C6-8B34-C91434FE8BA9}"
EndProject
Project("{9A19103F-16F7-4668-BE54-9A1E7A4F7556}") = "AmitalCloud.Infrastructure.Application", "Core\AmitalCloud.Infrastructure.Application\AmitalCloud.Infrastructure.Application.csproj", "{27B44109-6817-4708-87A2-4882AFB5A2A6}"
EndProject
Project("{9A19103F-16F7-4668-BE54-9A1E7A4F7556}") = "AmitalCloud.Infrastructure.Web", "Core\AmitalCloud.Infrastructure.Web\AmitalCloud.Infrastructure.Web.csproj", "{9EAD361F-0666-4C7B-97C8-08FFCE4092C6}"
EndProject
Project("{2150E333-8FDC-42A3-9474-1A3956D46DE8}") = "Shipment.Core", "Shipment.Core", "{C9463DDC-CCEA-4283-9AE9-624B16E5517A}"
EndProject
Project("{9A19103F-16F7-4668-BE54-9A1E7A4F7556}") = "AmitalCloud.Shipment.MetaData", "Core\AmitalCloud.Shipment.MetaData\AmitalCloud.Shipment.MetaData.csproj", "{20FEE4BA-D75E-4110-B129-8027936EBA7B}"
EndProject
Project("{9A19103F-16F7-4668-BE54-9A1E7A4F7556}") = "AmitalCloud.Shipment.Domain", "Core\AmitalCloud.Shipment.Domain\AmitalCloud.Shipment.Domain.csproj", "{AE2C1BCE-A36E-4AA7-A507-8638D1CD9A37}"
EndProject
Project("{9A19103F-16F7-4668-BE54-9A1E7A4F7556}") = "AmitalCloud.Shipment.Data", "Core\AmitalCloud.Shipment.Data\AmitalCloud.Shipment.Data.csproj", "{ECF49BA7-8AB0-4F86-91BD-DEAF360DB7E8}"
EndProject
Project("{9A19103F-16F7-4668-BE54-9A1E7A4F7556}") = "AmitalCloud.Shipment.Application", "Core\AmitalCloud.Shipment.Application\AmitalCloud.Shipment.Application.csproj", "{46C8B1DD-EEFC-49DC-A320-21373E476385}"
EndProject
Project("{FAE04EC0-301F-11D3-BF4B-00C04F79EFBC}") = "AmitalCloud.Shipment.Web", "Core\AmitalCloud.Shipment.Web\AmitalCloud.Shipment.Web.csproj", "{2878F581-523B-4783-AD28-518B2F7D3BF6}"
EndProject
Project("{FAE04EC0-301F-11D3-BF4B-00C04F79EFBC}") = "AmitalCloud.AutoGeneratedTemplates.Core", "Core\AmitalCloud.AutoGeneratedTemplates\AmitalCloud.AutoGeneratedTemplates.Core.csproj", "{2D40BF76-2863-428D-87B4-1AE81FB94ADE}"
EndProject
Project("{2150E333-8FDC-42A3-9474-1A3956D46DE8}") = "Invoice.Core", "Invoice.Core", "{91C41A54-E65A-4182-A978-9467867BFF7A}"
EndProject
Project("{FAE04EC0-301F-11D3-BF4B-00C04F79EFBC}") = "AmitalCloud.Invoice.MetaData", "Core\AmitalCloud.Invoice.MetaData\AmitalCloud.Invoice.MetaData.csproj", "{E682C60E-82AC-4D1A-B7FA-D0F524A32A5A}"
EndProject
Project("{FAE04EC0-301F-11D3-BF4B-00C04F79EFBC}") = "AmitalCloud.Invoice.Domain", "Core\AmitalCloud.Invoice.Domain\AmitalCloud.Invoice.Domain.csproj", "{8FEDCAC7-BC19-4504-B6E6-0CB3F15B4889}"
EndProject
Project("{FAE04EC0-301F-11D3-BF4B-00C04F79EFBC}") = "AmitalCloud.Invoice.Data", "Core\AmitalCloud.Invoice.Data\AmitalCloud.Invoice.Data.csproj", "{36B28A7D-A079-4ABE-8232-529FC685035E}"
EndProject
Project("{FAE04EC0-301F-11D3-BF4B-00C04F79EFBC}") = "AmitalCloud.Invoice.Application", "Core\AmitalCloud.Invoice.Application\AmitalCloud.Invoice.Application.csproj", "{3D15DFB0-D279-4D7D-8238-05806115A37E}"
EndProject
Project("{FAE04EC0-301F-11D3-BF4B-00C04F79EFBC}") = "AmitalCloud.Invoice.Web", "Core\AmitalCloud.Invoice.Web\AmitalCloud.Invoice.Web.csproj", "{7A132408-22CD-439D-9A89-C5D210AF5B2B}"
EndProject
Global
	GlobalSection(SolutionConfigurationPlatforms) = preSolution
		All Projects|Any CPU = All Projects|Any CPU
		Debug|Any CPU = Debug|Any CPU
		None|Any CPU = None|Any CPU
		Release|Any CPU = Release|Any CPU
	EndGlobalSection
	GlobalSection(ProjectConfigurationPlatforms) = postSolution
		{664D7D80-1761-4F4B-8403-99AB9573876C}.All Projects|Any CPU.ActiveCfg = All Projects|Any CPU
		{664D7D80-1761-4F4B-8403-99AB9573876C}.All Projects|Any CPU.Build.0 = All Projects|Any CPU
		{664D7D80-1761-4F4B-8403-99AB9573876C}.Debug|Any CPU.ActiveCfg = Debug|Any CPU
		{664D7D80-1761-4F4B-8403-99AB9573876C}.Debug|Any CPU.Build.0 = Debug|Any CPU
		{664D7D80-1761-4F4B-8403-99AB9573876C}.None|Any CPU.ActiveCfg = None|Any CPU
		{664D7D80-1761-4F4B-8403-99AB9573876C}.None|Any CPU.Build.0 = None|Any CPU
		{664D7D80-1761-4F4B-8403-99AB9573876C}.Release|Any CPU.ActiveCfg = Release|Any CPU
		{664D7D80-1761-4F4B-8403-99AB9573876C}.Release|Any CPU.Build.0 = Release|Any CPU
		{8CEB16DA-28A9-41D7-BF6C-53BD9A63C3D9}.All Projects|Any CPU.ActiveCfg = Debug|Any CPU
		{8CEB16DA-28A9-41D7-BF6C-53BD9A63C3D9}.All Projects|Any CPU.Build.0 = Debug|Any CPU
		{8CEB16DA-28A9-41D7-BF6C-53BD9A63C3D9}.Debug|Any CPU.ActiveCfg = Debug|Any CPU
		{8CEB16DA-28A9-41D7-BF6C-53BD9A63C3D9}.Debug|Any CPU.Build.0 = Debug|Any CPU
		{8CEB16DA-28A9-41D7-BF6C-53BD9A63C3D9}.None|Any CPU.ActiveCfg = Debug|Any CPU
		{8CEB16DA-28A9-41D7-BF6C-53BD9A63C3D9}.None|Any CPU.Build.0 = Debug|Any CPU
		{8CEB16DA-28A9-41D7-BF6C-53BD9A63C3D9}.Release|Any CPU.ActiveCfg = Release|Any CPU
		{8CEB16DA-28A9-41D7-BF6C-53BD9A63C3D9}.Release|Any CPU.Build.0 = Release|Any CPU
		{3240D3D5-3BC4-4ED7-A442-A8D645B1E849}.All Projects|Any CPU.ActiveCfg = Debug|Any CPU
		{3240D3D5-3BC4-4ED7-A442-A8D645B1E849}.All Projects|Any CPU.Build.0 = Debug|Any CPU
		{3240D3D5-3BC4-4ED7-A442-A8D645B1E849}.Debug|Any CPU.ActiveCfg = Debug|Any CPU
		{3240D3D5-3BC4-4ED7-A442-A8D645B1E849}.Debug|Any CPU.Build.0 = Debug|Any CPU
		{3240D3D5-3BC4-4ED7-A442-A8D645B1E849}.None|Any CPU.ActiveCfg = Debug|Any CPU
		{3240D3D5-3BC4-4ED7-A442-A8D645B1E849}.None|Any CPU.Build.0 = Debug|Any CPU
		{3240D3D5-3BC4-4ED7-A442-A8D645B1E849}.Release|Any CPU.ActiveCfg = Release|Any CPU
		{3240D3D5-3BC4-4ED7-A442-A8D645B1E849}.Release|Any CPU.Build.0 = Release|Any CPU
		{B5A12650-6521-4EC5-B7F2-DBBE9F88E89B}.All Projects|Any CPU.ActiveCfg = Debug|Any CPU
		{B5A12650-6521-4EC5-B7F2-DBBE9F88E89B}.All Projects|Any CPU.Build.0 = Debug|Any CPU
		{B5A12650-6521-4EC5-B7F2-DBBE9F88E89B}.Debug|Any CPU.ActiveCfg = Debug|Any CPU
		{B5A12650-6521-4EC5-B7F2-DBBE9F88E89B}.None|Any CPU.ActiveCfg = Debug|Any CPU
		{B5A12650-6521-4EC5-B7F2-DBBE9F88E89B}.None|Any CPU.Build.0 = Debug|Any CPU
		{B5A12650-6521-4EC5-B7F2-DBBE9F88E89B}.Release|Any CPU.ActiveCfg = Release|Any CPU
		{B5A12650-6521-4EC5-B7F2-DBBE9F88E89B}.Release|Any CPU.Build.0 = Release|Any CPU
		{FE6071DD-A0E3-4310-B1D3-2D0F0B0224AB}.All Projects|Any CPU.ActiveCfg = Debug|Any CPU
		{FE6071DD-A0E3-4310-B1D3-2D0F0B0224AB}.All Projects|Any CPU.Build.0 = Debug|Any CPU
		{FE6071DD-A0E3-4310-B1D3-2D0F0B0224AB}.Debug|Any CPU.ActiveCfg = Debug|Any CPU
		{FE6071DD-A0E3-4310-B1D3-2D0F0B0224AB}.Debug|Any CPU.Build.0 = Debug|Any CPU
		{FE6071DD-A0E3-4310-B1D3-2D0F0B0224AB}.None|Any CPU.ActiveCfg = Debug|Any CPU
		{FE6071DD-A0E3-4310-B1D3-2D0F0B0224AB}.None|Any CPU.Build.0 = Debug|Any CPU
		{FE6071DD-A0E3-4310-B1D3-2D0F0B0224AB}.Release|Any CPU.ActiveCfg = Release|Any CPU
		{FE6071DD-A0E3-4310-B1D3-2D0F0B0224AB}.Release|Any CPU.Build.0 = Release|Any CPU
		{11015707-4063-45D9-9DB9-3224DFC3692E}.All Projects|Any CPU.ActiveCfg = Debug|Any CPU
		{11015707-4063-45D9-9DB9-3224DFC3692E}.All Projects|Any CPU.Build.0 = Debug|Any CPU
		{11015707-4063-45D9-9DB9-3224DFC3692E}.Debug|Any CPU.ActiveCfg = Debug|Any CPU
		{11015707-4063-45D9-9DB9-3224DFC3692E}.Debug|Any CPU.Build.0 = Debug|Any CPU
		{11015707-4063-45D9-9DB9-3224DFC3692E}.None|Any CPU.ActiveCfg = Debug|Any CPU
		{11015707-4063-45D9-9DB9-3224DFC3692E}.None|Any CPU.Build.0 = Debug|Any CPU
		{11015707-4063-45D9-9DB9-3224DFC3692E}.Release|Any CPU.ActiveCfg = Release|Any CPU
		{11015707-4063-45D9-9DB9-3224DFC3692E}.Release|Any CPU.Build.0 = Release|Any CPU
		{9E950E38-E9C2-4BD7-A272-C52729CA05C0}.All Projects|Any CPU.ActiveCfg = Debug|Any CPU
		{9E950E38-E9C2-4BD7-A272-C52729CA05C0}.All Projects|Any CPU.Build.0 = Debug|Any CPU
		{9E950E38-E9C2-4BD7-A272-C52729CA05C0}.Debug|Any CPU.ActiveCfg = Debug|Any CPU
		{9E950E38-E9C2-4BD7-A272-C52729CA05C0}.Debug|Any CPU.Build.0 = Debug|Any CPU
		{9E950E38-E9C2-4BD7-A272-C52729CA05C0}.None|Any CPU.ActiveCfg = Debug|Any CPU
		{9E950E38-E9C2-4BD7-A272-C52729CA05C0}.None|Any CPU.Build.0 = Debug|Any CPU
		{9E950E38-E9C2-4BD7-A272-C52729CA05C0}.Release|Any CPU.ActiveCfg = Release|Any CPU
		{9E950E38-E9C2-4BD7-A272-C52729CA05C0}.Release|Any CPU.Build.0 = Release|Any CPU
		{1CB82E4E-88FF-4772-BFD6-5EC33B23F1CF}.All Projects|Any CPU.ActiveCfg = Debug|Any CPU
		{1CB82E4E-88FF-4772-BFD6-5EC33B23F1CF}.All Projects|Any CPU.Build.0 = Debug|Any CPU
		{1CB82E4E-88FF-4772-BFD6-5EC33B23F1CF}.Debug|Any CPU.ActiveCfg = Debug|Any CPU
		{1CB82E4E-88FF-4772-BFD6-5EC33B23F1CF}.Debug|Any CPU.Build.0 = Debug|Any CPU
		{1CB82E4E-88FF-4772-BFD6-5EC33B23F1CF}.None|Any CPU.ActiveCfg = Debug|Any CPU
		{1CB82E4E-88FF-4772-BFD6-5EC33B23F1CF}.None|Any CPU.Build.0 = Debug|Any CPU
		{1CB82E4E-88FF-4772-BFD6-5EC33B23F1CF}.Release|Any CPU.ActiveCfg = Release|Any CPU
		{1CB82E4E-88FF-4772-BFD6-5EC33B23F1CF}.Release|Any CPU.Build.0 = Release|Any CPU
		{7912DCA7-82EC-44EA-86E0-0E9E9C27D298}.All Projects|Any CPU.ActiveCfg = Debug|Any CPU
		{7912DCA7-82EC-44EA-86E0-0E9E9C27D298}.All Projects|Any CPU.Build.0 = Debug|Any CPU
		{7912DCA7-82EC-44EA-86E0-0E9E9C27D298}.Debug|Any CPU.ActiveCfg = Debug|Any CPU
		{7912DCA7-82EC-44EA-86E0-0E9E9C27D298}.None|Any CPU.ActiveCfg = Debug|Any CPU
		{7912DCA7-82EC-44EA-86E0-0E9E9C27D298}.None|Any CPU.Build.0 = Debug|Any CPU
		{7912DCA7-82EC-44EA-86E0-0E9E9C27D298}.Release|Any CPU.ActiveCfg = Release|Any CPU
		{7912DCA7-82EC-44EA-86E0-0E9E9C27D298}.Release|Any CPU.Build.0 = Release|Any CPU
		{439D6670-51B0-425C-B082-7050069A052B}.All Projects|Any CPU.ActiveCfg = Debug|Any CPU
		{439D6670-51B0-425C-B082-7050069A052B}.All Projects|Any CPU.Build.0 = Debug|Any CPU
		{439D6670-51B0-425C-B082-7050069A052B}.Debug|Any CPU.ActiveCfg = Debug|Any CPU
		{439D6670-51B0-425C-B082-7050069A052B}.Debug|Any CPU.Build.0 = Debug|Any CPU
		{439D6670-51B0-425C-B082-7050069A052B}.None|Any CPU.ActiveCfg = Debug|Any CPU
		{439D6670-51B0-425C-B082-7050069A052B}.None|Any CPU.Build.0 = Debug|Any CPU
		{439D6670-51B0-425C-B082-7050069A052B}.Release|Any CPU.ActiveCfg = Release|Any CPU
		{439D6670-51B0-425C-B082-7050069A052B}.Release|Any CPU.Build.0 = Release|Any CPU
		{B76DAA64-2C41-4A6A-9FBC-7E29B41FCFD6}.All Projects|Any CPU.ActiveCfg = Debug|Any CPU
		{B76DAA64-2C41-4A6A-9FBC-7E29B41FCFD6}.All Projects|Any CPU.Build.0 = Debug|Any CPU
		{B76DAA64-2C41-4A6A-9FBC-7E29B41FCFD6}.Debug|Any CPU.ActiveCfg = Debug|Any CPU
		{B76DAA64-2C41-4A6A-9FBC-7E29B41FCFD6}.Debug|Any CPU.Build.0 = Debug|Any CPU
		{B76DAA64-2C41-4A6A-9FBC-7E29B41FCFD6}.None|Any CPU.ActiveCfg = Debug|Any CPU
		{B76DAA64-2C41-4A6A-9FBC-7E29B41FCFD6}.None|Any CPU.Build.0 = Debug|Any CPU
		{B76DAA64-2C41-4A6A-9FBC-7E29B41FCFD6}.Release|Any CPU.ActiveCfg = Release|Any CPU
		{B76DAA64-2C41-4A6A-9FBC-7E29B41FCFD6}.Release|Any CPU.Build.0 = Release|Any CPU
		{D3800925-3888-4BDE-80E4-5BA589F726F7}.All Projects|Any CPU.ActiveCfg = Debug|Any CPU
		{D3800925-3888-4BDE-80E4-5BA589F726F7}.All Projects|Any CPU.Build.0 = Debug|Any CPU
		{D3800925-3888-4BDE-80E4-5BA589F726F7}.Debug|Any CPU.ActiveCfg = Debug|Any CPU
		{D3800925-3888-4BDE-80E4-5BA589F726F7}.Debug|Any CPU.Build.0 = Debug|Any CPU
		{D3800925-3888-4BDE-80E4-5BA589F726F7}.None|Any CPU.ActiveCfg = Debug|Any CPU
		{D3800925-3888-4BDE-80E4-5BA589F726F7}.None|Any CPU.Build.0 = Debug|Any CPU
		{D3800925-3888-4BDE-80E4-5BA589F726F7}.Release|Any CPU.ActiveCfg = Release|Any CPU
		{D3800925-3888-4BDE-80E4-5BA589F726F7}.Release|Any CPU.Build.0 = Release|Any CPU
		{44569E01-72A9-4546-99A9-96C8D56D5404}.All Projects|Any CPU.ActiveCfg = Debug|Any CPU
		{44569E01-72A9-4546-99A9-96C8D56D5404}.All Projects|Any CPU.Build.0 = Debug|Any CPU
		{44569E01-72A9-4546-99A9-96C8D56D5404}.Debug|Any CPU.ActiveCfg = Debug|Any CPU
		{44569E01-72A9-4546-99A9-96C8D56D5404}.Debug|Any CPU.Build.0 = Debug|Any CPU
		{44569E01-72A9-4546-99A9-96C8D56D5404}.None|Any CPU.ActiveCfg = Debug|Any CPU
		{44569E01-72A9-4546-99A9-96C8D56D5404}.None|Any CPU.Build.0 = Debug|Any CPU
		{44569E01-72A9-4546-99A9-96C8D56D5404}.Release|Any CPU.ActiveCfg = Release|Any CPU
		{44569E01-72A9-4546-99A9-96C8D56D5404}.Release|Any CPU.Build.0 = Release|Any CPU
		{43DFC050-F871-4B67-BF11-08FE75569238}.All Projects|Any CPU.ActiveCfg = Debug|Any CPU
		{43DFC050-F871-4B67-BF11-08FE75569238}.All Projects|Any CPU.Build.0 = Debug|Any CPU
		{43DFC050-F871-4B67-BF11-08FE75569238}.Debug|Any CPU.ActiveCfg = Debug|Any CPU
		{43DFC050-F871-4B67-BF11-08FE75569238}.None|Any CPU.ActiveCfg = Debug|Any CPU
		{43DFC050-F871-4B67-BF11-08FE75569238}.None|Any CPU.Build.0 = Debug|Any CPU
		{43DFC050-F871-4B67-BF11-08FE75569238}.Release|Any CPU.ActiveCfg = Release|Any CPU
		{43DFC050-F871-4B67-BF11-08FE75569238}.Release|Any CPU.Build.0 = Release|Any CPU
		{011E7DA4-F5A1-4358-9B9D-BD5464A940CF}.All Projects|Any CPU.ActiveCfg = Debug|Any CPU
		{011E7DA4-F5A1-4358-9B9D-BD5464A940CF}.All Projects|Any CPU.Build.0 = Debug|Any CPU
		{011E7DA4-F5A1-4358-9B9D-BD5464A940CF}.Debug|Any CPU.ActiveCfg = Debug|Any CPU
		{011E7DA4-F5A1-4358-9B9D-BD5464A940CF}.Debug|Any CPU.Build.0 = Debug|Any CPU
		{011E7DA4-F5A1-4358-9B9D-BD5464A940CF}.None|Any CPU.ActiveCfg = Debug|Any CPU
		{011E7DA4-F5A1-4358-9B9D-BD5464A940CF}.None|Any CPU.Build.0 = Debug|Any CPU
		{011E7DA4-F5A1-4358-9B9D-BD5464A940CF}.Release|Any CPU.ActiveCfg = Release|Any CPU
		{011E7DA4-F5A1-4358-9B9D-BD5464A940CF}.Release|Any CPU.Build.0 = Release|Any CPU
		{18E5126B-FC12-4521-A74A-8D57B02FB0D3}.All Projects|Any CPU.ActiveCfg = Debug|Any CPU
		{18E5126B-FC12-4521-A74A-8D57B02FB0D3}.All Projects|Any CPU.Build.0 = Debug|Any CPU
		{18E5126B-FC12-4521-A74A-8D57B02FB0D3}.Debug|Any CPU.ActiveCfg = Debug|Any CPU
		{18E5126B-FC12-4521-A74A-8D57B02FB0D3}.Debug|Any CPU.Build.0 = Debug|Any CPU
		{18E5126B-FC12-4521-A74A-8D57B02FB0D3}.None|Any CPU.ActiveCfg = Debug|Any CPU
		{18E5126B-FC12-4521-A74A-8D57B02FB0D3}.None|Any CPU.Build.0 = Debug|Any CPU
		{18E5126B-FC12-4521-A74A-8D57B02FB0D3}.Release|Any CPU.ActiveCfg = Release|Any CPU
		{18E5126B-FC12-4521-A74A-8D57B02FB0D3}.Release|Any CPU.Build.0 = Release|Any CPU
		{74D42AB8-0B5F-4286-9F7B-699EC754FC9C}.All Projects|Any CPU.ActiveCfg = Debug|Any CPU
		{74D42AB8-0B5F-4286-9F7B-699EC754FC9C}.All Projects|Any CPU.Build.0 = Debug|Any CPU
		{74D42AB8-0B5F-4286-9F7B-699EC754FC9C}.Debug|Any CPU.ActiveCfg = Debug|Any CPU
		{74D42AB8-0B5F-4286-9F7B-699EC754FC9C}.Debug|Any CPU.Build.0 = Debug|Any CPU
		{74D42AB8-0B5F-4286-9F7B-699EC754FC9C}.None|Any CPU.ActiveCfg = Debug|Any CPU
		{74D42AB8-0B5F-4286-9F7B-699EC754FC9C}.None|Any CPU.Build.0 = Debug|Any CPU
		{74D42AB8-0B5F-4286-9F7B-699EC754FC9C}.Release|Any CPU.ActiveCfg = Release|Any CPU
		{74D42AB8-0B5F-4286-9F7B-699EC754FC9C}.Release|Any CPU.Build.0 = Release|Any CPU
		{8C2BA7C1-A1CD-4A89-AC1C-766D618DE1BB}.All Projects|Any CPU.ActiveCfg = Debug|Any CPU
		{8C2BA7C1-A1CD-4A89-AC1C-766D618DE1BB}.All Projects|Any CPU.Build.0 = Debug|Any CPU
		{8C2BA7C1-A1CD-4A89-AC1C-766D618DE1BB}.Debug|Any CPU.ActiveCfg = Debug|Any CPU
		{8C2BA7C1-A1CD-4A89-AC1C-766D618DE1BB}.Debug|Any CPU.Build.0 = Debug|Any CPU
		{8C2BA7C1-A1CD-4A89-AC1C-766D618DE1BB}.None|Any CPU.ActiveCfg = Debug|Any CPU
		{8C2BA7C1-A1CD-4A89-AC1C-766D618DE1BB}.None|Any CPU.Build.0 = Debug|Any CPU
		{8C2BA7C1-A1CD-4A89-AC1C-766D618DE1BB}.Release|Any CPU.ActiveCfg = Release|Any CPU
		{8C2BA7C1-A1CD-4A89-AC1C-766D618DE1BB}.Release|Any CPU.Build.0 = Release|Any CPU
		{EBE5DF04-6FE2-4518-8EF3-7C3ECA262321}.All Projects|Any CPU.ActiveCfg = Debug|Any CPU
		{EBE5DF04-6FE2-4518-8EF3-7C3ECA262321}.All Projects|Any CPU.Build.0 = Debug|Any CPU
		{EBE5DF04-6FE2-4518-8EF3-7C3ECA262321}.Debug|Any CPU.ActiveCfg = Debug|Any CPU
		{EBE5DF04-6FE2-4518-8EF3-7C3ECA262321}.Debug|Any CPU.Build.0 = Debug|Any CPU
		{EBE5DF04-6FE2-4518-8EF3-7C3ECA262321}.None|Any CPU.ActiveCfg = Debug|Any CPU
		{EBE5DF04-6FE2-4518-8EF3-7C3ECA262321}.None|Any CPU.Build.0 = Debug|Any CPU
		{EBE5DF04-6FE2-4518-8EF3-7C3ECA262321}.Release|Any CPU.ActiveCfg = Release|Any CPU
		{EBE5DF04-6FE2-4518-8EF3-7C3ECA262321}.Release|Any CPU.Build.0 = Release|Any CPU
		{20DD7F50-B3FC-4853-A8D9-38034E380645}.All Projects|Any CPU.ActiveCfg = Debug|Any CPU
		{20DD7F50-B3FC-4853-A8D9-38034E380645}.All Projects|Any CPU.Build.0 = Debug|Any CPU
		{20DD7F50-B3FC-4853-A8D9-38034E380645}.Debug|Any CPU.ActiveCfg = Debug|Any CPU
		{20DD7F50-B3FC-4853-A8D9-38034E380645}.Debug|Any CPU.Build.0 = Debug|Any CPU
		{20DD7F50-B3FC-4853-A8D9-38034E380645}.None|Any CPU.ActiveCfg = Debug|Any CPU
		{20DD7F50-B3FC-4853-A8D9-38034E380645}.None|Any CPU.Build.0 = Debug|Any CPU
		{20DD7F50-B3FC-4853-A8D9-38034E380645}.Release|Any CPU.ActiveCfg = Release|Any CPU
		{20DD7F50-B3FC-4853-A8D9-38034E380645}.Release|Any CPU.Build.0 = Release|Any CPU
		{95C8FC5E-E864-436F-AC95-A0A81A801D30}.All Projects|Any CPU.ActiveCfg = Debug|Any CPU
		{95C8FC5E-E864-436F-AC95-A0A81A801D30}.All Projects|Any CPU.Build.0 = Debug|Any CPU
		{95C8FC5E-E864-436F-AC95-A0A81A801D30}.Debug|Any CPU.ActiveCfg = Debug|Any CPU
		{95C8FC5E-E864-436F-AC95-A0A81A801D30}.Debug|Any CPU.Build.0 = Debug|Any CPU
		{95C8FC5E-E864-436F-AC95-A0A81A801D30}.None|Any CPU.ActiveCfg = Debug|Any CPU
		{95C8FC5E-E864-436F-AC95-A0A81A801D30}.None|Any CPU.Build.0 = Debug|Any CPU
		{95C8FC5E-E864-436F-AC95-A0A81A801D30}.Release|Any CPU.ActiveCfg = Release|Any CPU
		{95C8FC5E-E864-436F-AC95-A0A81A801D30}.Release|Any CPU.Build.0 = Release|Any CPU
		{B03864C5-0C52-465B-9206-3FFF150413B9}.All Projects|Any CPU.ActiveCfg = Debug|Any CPU
		{B03864C5-0C52-465B-9206-3FFF150413B9}.All Projects|Any CPU.Build.0 = Debug|Any CPU
		{B03864C5-0C52-465B-9206-3FFF150413B9}.Debug|Any CPU.ActiveCfg = Debug|Any CPU
		{B03864C5-0C52-465B-9206-3FFF150413B9}.Debug|Any CPU.Build.0 = Debug|Any CPU
		{B03864C5-0C52-465B-9206-3FFF150413B9}.None|Any CPU.ActiveCfg = Debug|Any CPU
		{B03864C5-0C52-465B-9206-3FFF150413B9}.None|Any CPU.Build.0 = Debug|Any CPU
		{B03864C5-0C52-465B-9206-3FFF150413B9}.Release|Any CPU.ActiveCfg = Release|Any CPU
		{B03864C5-0C52-465B-9206-3FFF150413B9}.Release|Any CPU.Build.0 = Release|Any CPU
		{E83CE031-ED1B-43C4-AB1C-27EBBF2FB235}.All Projects|Any CPU.ActiveCfg = Debug|Any CPU
		{E83CE031-ED1B-43C4-AB1C-27EBBF2FB235}.All Projects|Any CPU.Build.0 = Debug|Any CPU
		{E83CE031-ED1B-43C4-AB1C-27EBBF2FB235}.Debug|Any CPU.ActiveCfg = Debug|Any CPU
		{E83CE031-ED1B-43C4-AB1C-27EBBF2FB235}.Debug|Any CPU.Build.0 = Debug|Any CPU
		{E83CE031-ED1B-43C4-AB1C-27EBBF2FB235}.None|Any CPU.ActiveCfg = Debug|Any CPU
		{E83CE031-ED1B-43C4-AB1C-27EBBF2FB235}.None|Any CPU.Build.0 = Debug|Any CPU
		{E83CE031-ED1B-43C4-AB1C-27EBBF2FB235}.Release|Any CPU.ActiveCfg = Release|Any CPU
		{E83CE031-ED1B-43C4-AB1C-27EBBF2FB235}.Release|Any CPU.Build.0 = Release|Any CPU
		{D4EF9158-DC26-47E5-91C9-299449AAC2DD}.All Projects|Any CPU.ActiveCfg = Debug|Any CPU
		{D4EF9158-DC26-47E5-91C9-299449AAC2DD}.All Projects|Any CPU.Build.0 = Debug|Any CPU
		{D4EF9158-DC26-47E5-91C9-299449AAC2DD}.Debug|Any CPU.ActiveCfg = Debug|Any CPU
		{D4EF9158-DC26-47E5-91C9-299449AAC2DD}.Debug|Any CPU.Build.0 = Debug|Any CPU
		{D4EF9158-DC26-47E5-91C9-299449AAC2DD}.None|Any CPU.ActiveCfg = Debug|Any CPU
		{D4EF9158-DC26-47E5-91C9-299449AAC2DD}.None|Any CPU.Build.0 = Debug|Any CPU
		{D4EF9158-DC26-47E5-91C9-299449AAC2DD}.Release|Any CPU.ActiveCfg = Release|Any CPU
		{D4EF9158-DC26-47E5-91C9-299449AAC2DD}.Release|Any CPU.Build.0 = Release|Any CPU
		{6FC95BE2-1BAA-49FC-944F-7B3859044124}.All Projects|Any CPU.ActiveCfg = Debug|Any CPU
		{6FC95BE2-1BAA-49FC-944F-7B3859044124}.All Projects|Any CPU.Build.0 = Debug|Any CPU
		{6FC95BE2-1BAA-49FC-944F-7B3859044124}.Debug|Any CPU.ActiveCfg = Debug|Any CPU
		{6FC95BE2-1BAA-49FC-944F-7B3859044124}.Debug|Any CPU.Build.0 = Debug|Any CPU
		{6FC95BE2-1BAA-49FC-944F-7B3859044124}.None|Any CPU.ActiveCfg = Debug|Any CPU
		{6FC95BE2-1BAA-49FC-944F-7B3859044124}.None|Any CPU.Build.0 = Debug|Any CPU
		{6FC95BE2-1BAA-49FC-944F-7B3859044124}.Release|Any CPU.ActiveCfg = Release|Any CPU
		{6FC95BE2-1BAA-49FC-944F-7B3859044124}.Release|Any CPU.Build.0 = Release|Any CPU
		{B8B388F7-1A6A-40C6-8B34-C91434FE8BA9}.All Projects|Any CPU.ActiveCfg = Debug|Any CPU
		{B8B388F7-1A6A-40C6-8B34-C91434FE8BA9}.All Projects|Any CPU.Build.0 = Debug|Any CPU
		{B8B388F7-1A6A-40C6-8B34-C91434FE8BA9}.Debug|Any CPU.ActiveCfg = Debug|Any CPU
		{B8B388F7-1A6A-40C6-8B34-C91434FE8BA9}.Debug|Any CPU.Build.0 = Debug|Any CPU
		{B8B388F7-1A6A-40C6-8B34-C91434FE8BA9}.None|Any CPU.ActiveCfg = Debug|Any CPU
		{B8B388F7-1A6A-40C6-8B34-C91434FE8BA9}.None|Any CPU.Build.0 = Debug|Any CPU
		{B8B388F7-1A6A-40C6-8B34-C91434FE8BA9}.Release|Any CPU.ActiveCfg = Release|Any CPU
		{B8B388F7-1A6A-40C6-8B34-C91434FE8BA9}.Release|Any CPU.Build.0 = Release|Any CPU
		{27B44109-6817-4708-87A2-4882AFB5A2A6}.All Projects|Any CPU.ActiveCfg = Debug|Any CPU
		{27B44109-6817-4708-87A2-4882AFB5A2A6}.All Projects|Any CPU.Build.0 = Debug|Any CPU
		{27B44109-6817-4708-87A2-4882AFB5A2A6}.Debug|Any CPU.ActiveCfg = Debug|Any CPU
		{27B44109-6817-4708-87A2-4882AFB5A2A6}.Debug|Any CPU.Build.0 = Debug|Any CPU
		{27B44109-6817-4708-87A2-4882AFB5A2A6}.None|Any CPU.ActiveCfg = Debug|Any CPU
		{27B44109-6817-4708-87A2-4882AFB5A2A6}.None|Any CPU.Build.0 = Debug|Any CPU
		{27B44109-6817-4708-87A2-4882AFB5A2A6}.Release|Any CPU.ActiveCfg = Release|Any CPU
		{27B44109-6817-4708-87A2-4882AFB5A2A6}.Release|Any CPU.Build.0 = Release|Any CPU
		{9EAD361F-0666-4C7B-97C8-08FFCE4092C6}.All Projects|Any CPU.ActiveCfg = Debug|Any CPU
		{9EAD361F-0666-4C7B-97C8-08FFCE4092C6}.All Projects|Any CPU.Build.0 = Debug|Any CPU
		{9EAD361F-0666-4C7B-97C8-08FFCE4092C6}.Debug|Any CPU.ActiveCfg = Debug|Any CPU
		{9EAD361F-0666-4C7B-97C8-08FFCE4092C6}.Debug|Any CPU.Build.0 = Debug|Any CPU
		{9EAD361F-0666-4C7B-97C8-08FFCE4092C6}.None|Any CPU.ActiveCfg = Debug|Any CPU
		{9EAD361F-0666-4C7B-97C8-08FFCE4092C6}.None|Any CPU.Build.0 = Debug|Any CPU
		{9EAD361F-0666-4C7B-97C8-08FFCE4092C6}.Release|Any CPU.ActiveCfg = Release|Any CPU
		{9EAD361F-0666-4C7B-97C8-08FFCE4092C6}.Release|Any CPU.Build.0 = Release|Any CPU
		{20FEE4BA-D75E-4110-B129-8027936EBA7B}.All Projects|Any CPU.ActiveCfg = Debug|Any CPU
		{20FEE4BA-D75E-4110-B129-8027936EBA7B}.All Projects|Any CPU.Build.0 = Debug|Any CPU
		{20FEE4BA-D75E-4110-B129-8027936EBA7B}.Debug|Any CPU.ActiveCfg = Debug|Any CPU
		{20FEE4BA-D75E-4110-B129-8027936EBA7B}.Debug|Any CPU.Build.0 = Debug|Any CPU
		{20FEE4BA-D75E-4110-B129-8027936EBA7B}.None|Any CPU.ActiveCfg = Debug|Any CPU
		{20FEE4BA-D75E-4110-B129-8027936EBA7B}.None|Any CPU.Build.0 = Debug|Any CPU
		{20FEE4BA-D75E-4110-B129-8027936EBA7B}.Release|Any CPU.ActiveCfg = Release|Any CPU
		{20FEE4BA-D75E-4110-B129-8027936EBA7B}.Release|Any CPU.Build.0 = Release|Any CPU
		{AE2C1BCE-A36E-4AA7-A507-8638D1CD9A37}.All Projects|Any CPU.ActiveCfg = Debug|Any CPU
		{AE2C1BCE-A36E-4AA7-A507-8638D1CD9A37}.All Projects|Any CPU.Build.0 = Debug|Any CPU
		{AE2C1BCE-A36E-4AA7-A507-8638D1CD9A37}.Debug|Any CPU.ActiveCfg = Debug|Any CPU
		{AE2C1BCE-A36E-4AA7-A507-8638D1CD9A37}.Debug|Any CPU.Build.0 = Debug|Any CPU
		{AE2C1BCE-A36E-4AA7-A507-8638D1CD9A37}.None|Any CPU.ActiveCfg = Debug|Any CPU
		{AE2C1BCE-A36E-4AA7-A507-8638D1CD9A37}.None|Any CPU.Build.0 = Debug|Any CPU
		{AE2C1BCE-A36E-4AA7-A507-8638D1CD9A37}.Release|Any CPU.ActiveCfg = Release|Any CPU
		{AE2C1BCE-A36E-4AA7-A507-8638D1CD9A37}.Release|Any CPU.Build.0 = Release|Any CPU
		{ECF49BA7-8AB0-4F86-91BD-DEAF360DB7E8}.All Projects|Any CPU.ActiveCfg = Debug|Any CPU
		{ECF49BA7-8AB0-4F86-91BD-DEAF360DB7E8}.All Projects|Any CPU.Build.0 = Debug|Any CPU
		{ECF49BA7-8AB0-4F86-91BD-DEAF360DB7E8}.Debug|Any CPU.ActiveCfg = Debug|Any CPU
		{ECF49BA7-8AB0-4F86-91BD-DEAF360DB7E8}.Debug|Any CPU.Build.0 = Debug|Any CPU
		{ECF49BA7-8AB0-4F86-91BD-DEAF360DB7E8}.None|Any CPU.ActiveCfg = Debug|Any CPU
		{ECF49BA7-8AB0-4F86-91BD-DEAF360DB7E8}.None|Any CPU.Build.0 = Debug|Any CPU
		{ECF49BA7-8AB0-4F86-91BD-DEAF360DB7E8}.Release|Any CPU.ActiveCfg = Release|Any CPU
		{ECF49BA7-8AB0-4F86-91BD-DEAF360DB7E8}.Release|Any CPU.Build.0 = Release|Any CPU
		{46C8B1DD-EEFC-49DC-A320-21373E476385}.All Projects|Any CPU.ActiveCfg = Debug|Any CPU
		{46C8B1DD-EEFC-49DC-A320-21373E476385}.All Projects|Any CPU.Build.0 = Debug|Any CPU
		{46C8B1DD-EEFC-49DC-A320-21373E476385}.Debug|Any CPU.ActiveCfg = Debug|Any CPU
		{46C8B1DD-EEFC-49DC-A320-21373E476385}.Debug|Any CPU.Build.0 = Debug|Any CPU
		{46C8B1DD-EEFC-49DC-A320-21373E476385}.None|Any CPU.ActiveCfg = Debug|Any CPU
		{46C8B1DD-EEFC-49DC-A320-21373E476385}.None|Any CPU.Build.0 = Debug|Any CPU
		{46C8B1DD-EEFC-49DC-A320-21373E476385}.Release|Any CPU.ActiveCfg = Release|Any CPU
		{46C8B1DD-EEFC-49DC-A320-21373E476385}.Release|Any CPU.Build.0 = Release|Any CPU
		{2878F581-523B-4783-AD28-518B2F7D3BF6}.All Projects|Any CPU.ActiveCfg = Debug|Any CPU
		{2878F581-523B-4783-AD28-518B2F7D3BF6}.All Projects|Any CPU.Build.0 = Debug|Any CPU
		{2878F581-523B-4783-AD28-518B2F7D3BF6}.Debug|Any CPU.ActiveCfg = Debug|Any CPU
		{2878F581-523B-4783-AD28-518B2F7D3BF6}.Debug|Any CPU.Build.0 = Debug|Any CPU
		{2878F581-523B-4783-AD28-518B2F7D3BF6}.None|Any CPU.ActiveCfg = Debug|Any CPU
		{2878F581-523B-4783-AD28-518B2F7D3BF6}.None|Any CPU.Build.0 = Debug|Any CPU
		{2878F581-523B-4783-AD28-518B2F7D3BF6}.Release|Any CPU.ActiveCfg = Release|Any CPU
		{2878F581-523B-4783-AD28-518B2F7D3BF6}.Release|Any CPU.Build.0 = Release|Any CPU
		{2D40BF76-2863-428D-87B4-1AE81FB94ADE}.All Projects|Any CPU.ActiveCfg = Debug|Any CPU
		{2D40BF76-2863-428D-87B4-1AE81FB94ADE}.All Projects|Any CPU.Build.0 = Debug|Any CPU
		{2D40BF76-2863-428D-87B4-1AE81FB94ADE}.Debug|Any CPU.ActiveCfg = Debug|Any CPU
		{2D40BF76-2863-428D-87B4-1AE81FB94ADE}.Debug|Any CPU.Build.0 = Debug|Any CPU
		{2D40BF76-2863-428D-87B4-1AE81FB94ADE}.None|Any CPU.ActiveCfg = Debug|Any CPU
		{2D40BF76-2863-428D-87B4-1AE81FB94ADE}.None|Any CPU.Build.0 = Debug|Any CPU
		{2D40BF76-2863-428D-87B4-1AE81FB94ADE}.Release|Any CPU.ActiveCfg = Release|Any CPU
		{2D40BF76-2863-428D-87B4-1AE81FB94ADE}.Release|Any CPU.Build.0 = Release|Any CPU
		{E682C60E-82AC-4D1A-B7FA-D0F524A32A5A}.All Projects|Any CPU.ActiveCfg = Debug|Any CPU
		{E682C60E-82AC-4D1A-B7FA-D0F524A32A5A}.All Projects|Any CPU.Build.0 = Debug|Any CPU
		{E682C60E-82AC-4D1A-B7FA-D0F524A32A5A}.Debug|Any CPU.ActiveCfg = Debug|Any CPU
		{E682C60E-82AC-4D1A-B7FA-D0F524A32A5A}.Debug|Any CPU.Build.0 = Debug|Any CPU
		{E682C60E-82AC-4D1A-B7FA-D0F524A32A5A}.None|Any CPU.ActiveCfg = Debug|Any CPU
		{E682C60E-82AC-4D1A-B7FA-D0F524A32A5A}.None|Any CPU.Build.0 = Debug|Any CPU
		{E682C60E-82AC-4D1A-B7FA-D0F524A32A5A}.Release|Any CPU.ActiveCfg = Release|Any CPU
		{E682C60E-82AC-4D1A-B7FA-D0F524A32A5A}.Release|Any CPU.Build.0 = Release|Any CPU
		{8FEDCAC7-BC19-4504-B6E6-0CB3F15B4889}.All Projects|Any CPU.ActiveCfg = Debug|Any CPU
		{8FEDCAC7-BC19-4504-B6E6-0CB3F15B4889}.All Projects|Any CPU.Build.0 = Debug|Any CPU
		{8FEDCAC7-BC19-4504-B6E6-0CB3F15B4889}.Debug|Any CPU.ActiveCfg = Debug|Any CPU
		{8FEDCAC7-BC19-4504-B6E6-0CB3F15B4889}.Debug|Any CPU.Build.0 = Debug|Any CPU
		{8FEDCAC7-BC19-4504-B6E6-0CB3F15B4889}.None|Any CPU.ActiveCfg = Debug|Any CPU
		{8FEDCAC7-BC19-4504-B6E6-0CB3F15B4889}.None|Any CPU.Build.0 = Debug|Any CPU
		{8FEDCAC7-BC19-4504-B6E6-0CB3F15B4889}.Release|Any CPU.ActiveCfg = Release|Any CPU
		{8FEDCAC7-BC19-4504-B6E6-0CB3F15B4889}.Release|Any CPU.Build.0 = Release|Any CPU
		{36B28A7D-A079-4ABE-8232-529FC685035E}.All Projects|Any CPU.ActiveCfg = Debug|Any CPU
		{36B28A7D-A079-4ABE-8232-529FC685035E}.All Projects|Any CPU.Build.0 = Debug|Any CPU
		{36B28A7D-A079-4ABE-8232-529FC685035E}.Debug|Any CPU.ActiveCfg = Debug|Any CPU
		{36B28A7D-A079-4ABE-8232-529FC685035E}.Debug|Any CPU.Build.0 = Debug|Any CPU
		{36B28A7D-A079-4ABE-8232-529FC685035E}.None|Any CPU.ActiveCfg = Debug|Any CPU
		{36B28A7D-A079-4ABE-8232-529FC685035E}.None|Any CPU.Build.0 = Debug|Any CPU
		{36B28A7D-A079-4ABE-8232-529FC685035E}.Release|Any CPU.ActiveCfg = Release|Any CPU
		{36B28A7D-A079-4ABE-8232-529FC685035E}.Release|Any CPU.Build.0 = Release|Any CPU
		{3D15DFB0-D279-4D7D-8238-05806115A37E}.All Projects|Any CPU.ActiveCfg = Debug|Any CPU
		{3D15DFB0-D279-4D7D-8238-05806115A37E}.All Projects|Any CPU.Build.0 = Debug|Any CPU
		{3D15DFB0-D279-4D7D-8238-05806115A37E}.Debug|Any CPU.ActiveCfg = Debug|Any CPU
		{3D15DFB0-D279-4D7D-8238-05806115A37E}.Debug|Any CPU.Build.0 = Debug|Any CPU
		{3D15DFB0-D279-4D7D-8238-05806115A37E}.None|Any CPU.ActiveCfg = Debug|Any CPU
		{3D15DFB0-D279-4D7D-8238-05806115A37E}.None|Any CPU.Build.0 = Debug|Any CPU
		{3D15DFB0-D279-4D7D-8238-05806115A37E}.Release|Any CPU.ActiveCfg = Release|Any CPU
		{3D15DFB0-D279-4D7D-8238-05806115A37E}.Release|Any CPU.Build.0 = Release|Any CPU
		{7A132408-22CD-439D-9A89-C5D210AF5B2B}.All Projects|Any CPU.ActiveCfg = Debug|Any CPU
		{7A132408-22CD-439D-9A89-C5D210AF5B2B}.All Projects|Any CPU.Build.0 = Debug|Any CPU
		{7A132408-22CD-439D-9A89-C5D210AF5B2B}.Debug|Any CPU.ActiveCfg = Debug|Any CPU
		{7A132408-22CD-439D-9A89-C5D210AF5B2B}.Debug|Any CPU.Build.0 = Debug|Any CPU
		{7A132408-22CD-439D-9A89-C5D210AF5B2B}.None|Any CPU.ActiveCfg = Debug|Any CPU
		{7A132408-22CD-439D-9A89-C5D210AF5B2B}.None|Any CPU.Build.0 = Debug|Any CPU
		{7A132408-22CD-439D-9A89-C5D210AF5B2B}.Release|Any CPU.ActiveCfg = Release|Any CPU
		{7A132408-22CD-439D-9A89-C5D210AF5B2B}.Release|Any CPU.Build.0 = Release|Any CPU
	EndGlobalSection
	GlobalSection(SolutionProperties) = preSolution
		HideSolutionNode = FALSE
	EndGlobalSection
	GlobalSection(NestedProjects) = preSolution
		{664D7D80-1761-4F4B-8403-99AB9573876C} = {E29F1DCD-EE76-4594-8F6D-2CEA08B840E4}
		{8CEB16DA-28A9-41D7-BF6C-53BD9A63C3D9} = {E29F1DCD-EE76-4594-8F6D-2CEA08B840E4}
		{3240D3D5-3BC4-4ED7-A442-A8D645B1E849} = {E29F1DCD-EE76-4594-8F6D-2CEA08B840E4}
		{B5A12650-6521-4EC5-B7F2-DBBE9F88E89B} = {E29F1DCD-EE76-4594-8F6D-2CEA08B840E4}
		{FE6071DD-A0E3-4310-B1D3-2D0F0B0224AB} = {E29F1DCD-EE76-4594-8F6D-2CEA08B840E4}
		{11015707-4063-45D9-9DB9-3224DFC3692E} = {9697D8D9-104B-4B72-940D-6ABD39870532}
		{9E950E38-E9C2-4BD7-A272-C52729CA05C0} = {9697D8D9-104B-4B72-940D-6ABD39870532}
		{1CB82E4E-88FF-4772-BFD6-5EC33B23F1CF} = {9697D8D9-104B-4B72-940D-6ABD39870532}
		{7912DCA7-82EC-44EA-86E0-0E9E9C27D298} = {9697D8D9-104B-4B72-940D-6ABD39870532}
		{439D6670-51B0-425C-B082-7050069A052B} = {9697D8D9-104B-4B72-940D-6ABD39870532}
		{B76DAA64-2C41-4A6A-9FBC-7E29B41FCFD6} = {2DA05D28-51A2-4CA9-854C-E69F708079EF}
		{D3800925-3888-4BDE-80E4-5BA589F726F7} = {2DA05D28-51A2-4CA9-854C-E69F708079EF}
		{44569E01-72A9-4546-99A9-96C8D56D5404} = {2DA05D28-51A2-4CA9-854C-E69F708079EF}
		{43DFC050-F871-4B67-BF11-08FE75569238} = {2DA05D28-51A2-4CA9-854C-E69F708079EF}
		{011E7DA4-F5A1-4358-9B9D-BD5464A940CF} = {2DA05D28-51A2-4CA9-854C-E69F708079EF}
		{18E5126B-FC12-4521-A74A-8D57B02FB0D3} = {9697D8D9-104B-4B72-940D-6ABD39870532}
		{74D42AB8-0B5F-4286-9F7B-699EC754FC9C} = {225B470B-8DFD-4FA8-BA49-AC1841BEC9AE}
		{8C2BA7C1-A1CD-4A89-AC1C-766D618DE1BB} = {225B470B-8DFD-4FA8-BA49-AC1841BEC9AE}
		{EBE5DF04-6FE2-4518-8EF3-7C3ECA262321} = {225B470B-8DFD-4FA8-BA49-AC1841BEC9AE}
		{20DD7F50-B3FC-4853-A8D9-38034E380645} = {225B470B-8DFD-4FA8-BA49-AC1841BEC9AE}
		{95C8FC5E-E864-436F-AC95-A0A81A801D30} = {213C3B89-F127-4844-A59A-430653207DE3}
		{07BD4F66-7E04-46BA-AEA6-C708E889EC7D} = {9697D8D9-104B-4B72-940D-6ABD39870532}
		{B03864C5-0C52-465B-9206-3FFF150413B9} = {07BD4F66-7E04-46BA-AEA6-C708E889EC7D}
		{D1BCB4A9-960E-43AB-BF63-EFE494361871} = {69B9B197-F47F-421C-8BBA-636A42002B9D}
		{E83CE031-ED1B-43C4-AB1C-27EBBF2FB235} = {D1BCB4A9-960E-43AB-BF63-EFE494361871}
		{D4EF9158-DC26-47E5-91C9-299449AAC2DD} = {69B9B197-F47F-421C-8BBA-636A42002B9D}
		{6FC95BE2-1BAA-49FC-944F-7B3859044124} = {69B9B197-F47F-421C-8BBA-636A42002B9D}
		{B8B388F7-1A6A-40C6-8B34-C91434FE8BA9} = {69B9B197-F47F-421C-8BBA-636A42002B9D}
		{27B44109-6817-4708-87A2-4882AFB5A2A6} = {69B9B197-F47F-421C-8BBA-636A42002B9D}
		{9EAD361F-0666-4C7B-97C8-08FFCE4092C6} = {69B9B197-F47F-421C-8BBA-636A42002B9D}
		{20FEE4BA-D75E-4110-B129-8027936EBA7B} = {C9463DDC-CCEA-4283-9AE9-624B16E5517A}
		{AE2C1BCE-A36E-4AA7-A507-8638D1CD9A37} = {C9463DDC-CCEA-4283-9AE9-624B16E5517A}
		{ECF49BA7-8AB0-4F86-91BD-DEAF360DB7E8} = {C9463DDC-CCEA-4283-9AE9-624B16E5517A}
		{46C8B1DD-EEFC-49DC-A320-21373E476385} = {C9463DDC-CCEA-4283-9AE9-624B16E5517A}
		{2878F581-523B-4783-AD28-518B2F7D3BF6} = {C9463DDC-CCEA-4283-9AE9-624B16E5517A}
		{2D40BF76-2863-428D-87B4-1AE81FB94ADE} = {213C3B89-F127-4844-A59A-430653207DE3}
		{E682C60E-82AC-4D1A-B7FA-D0F524A32A5A} = {91C41A54-E65A-4182-A978-9467867BFF7A}
		{8FEDCAC7-BC19-4504-B6E6-0CB3F15B4889} = {91C41A54-E65A-4182-A978-9467867BFF7A}
		{36B28A7D-A079-4ABE-8232-529FC685035E} = {91C41A54-E65A-4182-A978-9467867BFF7A}
		{3D15DFB0-D279-4D7D-8238-05806115A37E} = {91C41A54-E65A-4182-A978-9467867BFF7A}
		{7A132408-22CD-439D-9A89-C5D210AF5B2B} = {91C41A54-E65A-4182-A978-9467867BFF7A}
	EndGlobalSection
	GlobalSection(ExtensibilityGlobals) = postSolution
		SolutionGuid = {EA00D447-9E1A-43C0-9284-15DB58AED53D}
	EndGlobalSection
EndGlobal
