
Microsoft Visual Studio Solution File, Format Version 12.00
# Visual Studio Version 17
VisualStudioVersion = 17.10.35013.160
MinimumVisualStudioVersion = 10.0.40219.1
Project("{2150E333-8FDC-42A3-9474-1A3956D46DE8}") = "Infrastructure", "Infrastructure", "{9697D8D9-104B-4B72-940D-6ABD39870532}"
EndProject
Project("{2150E333-8FDC-42A3-9474-1A3956D46DE8}") = "Invoice", "Invoice", "{2DA05D28-51A2-4CA9-854C-E69F708079EF}"
EndProject
Project("{2150E333-8FDC-42A3-9474-1A3956D46DE8}") = "Shipment", "Shipment", "{E29F1DCD-EE76-4594-8F6D-2CEA08B840E4}"
EndProject
Project("{FAE04EC0-301F-11D3-BF4B-00C04F79EFBC}") = "AmitalCloud.Shipment.Application", "AmitalCloud.Shipment.Application\AmitalCloud.Shipment.Application.csproj", "{664D7D80-1761-4F4B-8403-99AB9573876C}"
	ProjectSection(ProjectDependencies) = postProject
		{11015707-4063-45D9-9DB9-3224DFC3692E} = {11015707-4063-45D9-9DB9-3224DFC3692E}
	EndProjectSection
EndProject
Project("{FAE04EC0-301F-11D3-BF4B-00C04F79EFBC}") = "AmitalCloud.Shipment.Data", "AmitalCloud.Shipment.Data\AmitalCloud.Shipment.Data.csproj", "{8CEB16DA-28A9-41D7-BF6C-53BD9A63C3D9}"
EndProject
Project("{FAE04EC0-301F-11D3-BF4B-00C04F79EFBC}") = "AmitalCloud.Shipment.Domain", "AmitalCloud.Shipment.Domain\AmitalCloud.Shipment.Domain.csproj", "{3240D3D5-3BC4-4ED7-A442-A8D645B1E849}"
	ProjectSection(ProjectDependencies) = postProject
		{1CB82E4E-88FF-4772-BFD6-5EC33B23F1CF} = {1CB82E4E-88FF-4772-BFD6-5EC33B23F1CF}
		{44569E01-72A9-4546-99A9-96C8D56D5404} = {44569E01-72A9-4546-99A9-96C8D56D5404}
	EndProjectSection
EndProject
Project("{FAE04EC0-301F-11D3-BF4B-00C04F79EFBC}") = "AmitalCloud.Shipment.MetaData", "AmitalCloud.Shipment.MetaData\AmitalCloud.Shipment.MetaData.csproj", "{B5A12650-6521-4EC5-B7F2-DBBE9F88E89B}"
EndProject
Project("{FAE04EC0-301F-11D3-BF4B-00C04F79EFBC}") = "AmitalCloud.Shipment.Web", "AmitalCloud.Shipment.Web\AmitalCloud.Shipment.Web.csproj", "{FE6071DD-A0E3-4310-B1D3-2D0F0B0224AB}"
	ProjectSection(ProjectDependencies) = postProject
		{439D6670-51B0-425C-B082-7050069A052B} = {439D6670-51B0-425C-B082-7050069A052B}
	EndProjectSection
EndProject
Project("{FAE04EC0-301F-11D3-BF4B-00C04F79EFBC}") = "AmitalCloud.Infrastructure.Application", "AmitalCloud.Infrastructure.Application\AmitalCloud.Infrastructure.Application.csproj", "{11015707-4063-45D9-9DB9-3224DFC3692E}"
	ProjectSection(ProjectDependencies) = postProject
		{9E950E38-E9C2-4BD7-A272-C52729CA05C0} = {9E950E38-E9C2-4BD7-A272-C52729CA05C0}
	EndProjectSection
EndProject
Project("{FAE04EC0-301F-11D3-BF4B-00C04F79EFBC}") = "AmitalCloud.Infrastructure.Data", "AmitalCloud.Infrastructure.Data\AmitalCloud.Infrastructure.Data.csproj", "{9E950E38-E9C2-4BD7-A272-C52729CA05C0}"
EndProject
Project("{FAE04EC0-301F-11D3-BF4B-00C04F79EFBC}") = "AmitalCloud.Infrastructure.Domain", "AmitalCloud.Infrastructure.Domain\AmitalCloud.Infrastructure.Domain.csproj", "{1CB82E4E-88FF-4772-BFD6-5EC33B23F1CF}"
EndProject
Project("{FAE04EC0-301F-11D3-BF4B-00C04F79EFBC}") = "AmitalCloud.Infrastructure.MetaData", "AmitalCloud.Infrastructure.MetaData\AmitalCloud.Infrastructure.MetaData.csproj", "{7912DCA7-82EC-44EA-86E0-0E9E9C27D298}"
EndProject
Project("{FAE04EC0-301F-11D3-BF4B-00C04F79EFBC}") = "AmitalCloud.Infrastructure.Web", "AmitalCloud.Infrastructure.Web\AmitalCloud.Infrastructure.Web.csproj", "{439D6670-51B0-425C-B082-7050069A052B}"
EndProject
Project("{FAE04EC0-301F-11D3-BF4B-00C04F79EFBC}") = "AmitalCloud.Invoice.Application", "AmitalCloud.Invoice.Application\AmitalCloud.Invoice.Application.csproj", "{B76DAA64-2C41-4A6A-9FBC-7E29B41FCFD6}"
	ProjectSection(ProjectDependencies) = postProject
		{11015707-4063-45D9-9DB9-3224DFC3692E} = {11015707-4063-45D9-9DB9-3224DFC3692E}
	EndProjectSection
EndProject
Project("{FAE04EC0-301F-11D3-BF4B-00C04F79EFBC}") = "AmitalCloud.Invoice.Data", "AmitalCloud.Invoice.Data\AmitalCloud.Invoice.Data.csproj", "{D3800925-3888-4BDE-80E4-5BA589F726F7}"
	ProjectSection(ProjectDependencies) = postProject
		{9E950E38-E9C2-4BD7-A272-C52729CA05C0} = {9E950E38-E9C2-4BD7-A272-C52729CA05C0}
	EndProjectSection
EndProject
Project("{FAE04EC0-301F-11D3-BF4B-00C04F79EFBC}") = "AmitalCloud.Invoice.Domain", "AmitalCloud.Invoice.Domain\AmitalCloud.Invoice.Domain.csproj", "{44569E01-72A9-4546-99A9-96C8D56D5404}"
	ProjectSection(ProjectDependencies) = postProject
		{1CB82E4E-88FF-4772-BFD6-5EC33B23F1CF} = {1CB82E4E-88FF-4772-BFD6-5EC33B23F1CF}
	EndProjectSection
EndProject
Project("{FAE04EC0-301F-11D3-BF4B-00C04F79EFBC}") = "AmitalCloud.Invoice.MetaData", "AmitalCloud.Invoice.MetaData\AmitalCloud.Invoice.MetaData.csproj", "{43DFC050-F871-4B67-BF11-08FE75569238}"
EndProject
Project("{FAE04EC0-301F-11D3-BF4B-00C04F79EFBC}") = "AmitalCloud.Invoice.Web", "AmitalCloud.Invoice.Web\AmitalCloud.Invoice.Web.csproj", "{011E7DA4-F5A1-4358-9B9D-BD5464A940CF}"
	ProjectSection(ProjectDependencies) = postProject
		{439D6670-51B0-425C-B082-7050069A052B} = {439D6670-51B0-425C-B082-7050069A052B}
	EndProjectSection
EndProject
Global
	GlobalSection(SolutionConfigurationPlatforms) = preSolution
		All Projects|Any CPU = All Projects|Any CPU
		Debug|Any CPU = Debug|Any CPU
		None|Any CPU = None|Any CPU
		Release|Any CPU = Release|Any CPU
	EndGlobalSection
	GlobalSection(ProjectConfigurationPlatforms) = postSolution
		{664D7D80-1761-4F4B-8403-99AB9573876C}.All Projects|Any CPU.ActiveCfg = All Projects|Any CPU
		{664D7D80-1761-4F4B-8403-99AB9573876C}.All Projects|Any CPU.Build.0 = All Projects|Any CPU
		{664D7D80-1761-4F4B-8403-99AB9573876C}.Debug|Any CPU.ActiveCfg = Debug|Any CPU
		{664D7D80-1761-4F4B-8403-99AB9573876C}.Debug|Any CPU.Build.0 = Debug|Any CPU
		{664D7D80-1761-4F4B-8403-99AB9573876C}.None|Any CPU.ActiveCfg = None|Any CPU
		{664D7D80-1761-4F4B-8403-99AB9573876C}.None|Any CPU.Build.0 = None|Any CPU
		{664D7D80-1761-4F4B-8403-99AB9573876C}.Release|Any CPU.ActiveCfg = Release|Any CPU
		{664D7D80-1761-4F4B-8403-99AB9573876C}.Release|Any CPU.Build.0 = Release|Any CPU
		{8CEB16DA-28A9-41D7-BF6C-53BD9A63C3D9}.All Projects|Any CPU.ActiveCfg = Debug|Any CPU
		{8CEB16DA-28A9-41D7-BF6C-53BD9A63C3D9}.All Projects|Any CPU.Build.0 = Debug|Any CPU
		{8CEB16DA-28A9-41D7-BF6C-53BD9A63C3D9}.Debug|Any CPU.ActiveCfg = Debug|Any CPU
		{8CEB16DA-28A9-41D7-BF6C-53BD9A63C3D9}.Debug|Any CPU.Build.0 = Debug|Any CPU
		{8CEB16DA-28A9-41D7-BF6C-53BD9A63C3D9}.None|Any CPU.ActiveCfg = Debug|Any CPU
		{8CEB16DA-28A9-41D7-BF6C-53BD9A63C3D9}.None|Any CPU.Build.0 = Debug|Any CPU
		{8CEB16DA-28A9-41D7-BF6C-53BD9A63C3D9}.Release|Any CPU.ActiveCfg = Release|Any CPU
		{8CEB16DA-28A9-41D7-BF6C-53BD9A63C3D9}.Release|Any CPU.Build.0 = Release|Any CPU
		{3240D3D5-3BC4-4ED7-A442-A8D645B1E849}.All Projects|Any CPU.ActiveCfg = Debug|Any CPU
		{3240D3D5-3BC4-4ED7-A442-A8D645B1E849}.All Projects|Any CPU.Build.0 = Debug|Any CPU
		{3240D3D5-3BC4-4ED7-A442-A8D645B1E849}.Debug|Any CPU.ActiveCfg = Debug|Any CPU
		{3240D3D5-3BC4-4ED7-A442-A8D645B1E849}.Debug|Any CPU.Build.0 = Debug|Any CPU
		{3240D3D5-3BC4-4ED7-A442-A8D645B1E849}.None|Any CPU.ActiveCfg = Debug|Any CPU
		{3240D3D5-3BC4-4ED7-A442-A8D645B1E849}.None|Any CPU.Build.0 = Debug|Any CPU
		{3240D3D5-3BC4-4ED7-A442-A8D645B1E849}.Release|Any CPU.ActiveCfg = Release|Any CPU
		{3240D3D5-3BC4-4ED7-A442-A8D645B1E849}.Release|Any CPU.Build.0 = Release|Any CPU
		{B5A12650-6521-4EC5-B7F2-DBBE9F88E89B}.All Projects|Any CPU.ActiveCfg = Debug|Any CPU
		{B5A12650-6521-4EC5-B7F2-DBBE9F88E89B}.All Projects|Any CPU.Build.0 = Debug|Any CPU
		{B5A12650-6521-4EC5-B7F2-DBBE9F88E89B}.Debug|Any CPU.ActiveCfg = Debug|Any CPU
		{B5A12650-6521-4EC5-B7F2-DBBE9F88E89B}.Debug|Any CPU.Build.0 = Debug|Any CPU
		{B5A12650-6521-4EC5-B7F2-DBBE9F88E89B}.None|Any CPU.ActiveCfg = Debug|Any CPU
		{B5A12650-6521-4EC5-B7F2-DBBE9F88E89B}.None|Any CPU.Build.0 = Debug|Any CPU
		{B5A12650-6521-4EC5-B7F2-DBBE9F88E89B}.Release|Any CPU.ActiveCfg = Release|Any CPU
		{B5A12650-6521-4EC5-B7F2-DBBE9F88E89B}.Release|Any CPU.Build.0 = Release|Any CPU
		{FE6071DD-A0E3-4310-B1D3-2D0F0B0224AB}.All Projects|Any CPU.ActiveCfg = Debug|Any CPU
		{FE6071DD-A0E3-4310-B1D3-2D0F0B0224AB}.All Projects|Any CPU.Build.0 = Debug|Any CPU
		{FE6071DD-A0E3-4310-B1D3-2D0F0B0224AB}.Debug|Any CPU.ActiveCfg = Debug|Any CPU
		{FE6071DD-A0E3-4310-B1D3-2D0F0B0224AB}.Debug|Any CPU.Build.0 = Debug|Any CPU
		{FE6071DD-A0E3-4310-B1D3-2D0F0B0224AB}.None|Any CPU.ActiveCfg = Debug|Any CPU
		{FE6071DD-A0E3-4310-B1D3-2D0F0B0224AB}.None|Any CPU.Build.0 = Debug|Any CPU
		{FE6071DD-A0E3-4310-B1D3-2D0F0B0224AB}.Release|Any CPU.ActiveCfg = Release|Any CPU
		{FE6071DD-A0E3-4310-B1D3-2D0F0B0224AB}.Release|Any CPU.Build.0 = Release|Any CPU
		{11015707-4063-45D9-9DB9-3224DFC3692E}.All Projects|Any CPU.ActiveCfg = Debug|Any CPU
		{11015707-4063-45D9-9DB9-3224DFC3692E}.All Projects|Any CPU.Build.0 = Debug|Any CPU
		{11015707-4063-45D9-9DB9-3224DFC3692E}.Debug|Any CPU.ActiveCfg = Debug|Any CPU
		{11015707-4063-45D9-9DB9-3224DFC3692E}.Debug|Any CPU.Build.0 = Debug|Any CPU
		{11015707-4063-45D9-9DB9-3224DFC3692E}.None|Any CPU.ActiveCfg = Debug|Any CPU
		{11015707-4063-45D9-9DB9-3224DFC3692E}.None|Any CPU.Build.0 = Debug|Any CPU
		{11015707-4063-45D9-9DB9-3224DFC3692E}.Release|Any CPU.ActiveCfg = Release|Any CPU
		{11015707-4063-45D9-9DB9-3224DFC3692E}.Release|Any CPU.Build.0 = Release|Any CPU
		{9E950E38-E9C2-4BD7-A272-C52729CA05C0}.All Projects|Any CPU.ActiveCfg = Debug|Any CPU
		{9E950E38-E9C2-4BD7-A272-C52729CA05C0}.All Projects|Any CPU.Build.0 = Debug|Any CPU
		{9E950E38-E9C2-4BD7-A272-C52729CA05C0}.Debug|Any CPU.ActiveCfg = Debug|Any CPU
		{9E950E38-E9C2-4BD7-A272-C52729CA05C0}.Debug|Any CPU.Build.0 = Debug|Any CPU
		{9E950E38-E9C2-4BD7-A272-C52729CA05C0}.None|Any CPU.ActiveCfg = Debug|Any CPU
		{9E950E38-E9C2-4BD7-A272-C52729CA05C0}.None|Any CPU.Build.0 = Debug|Any CPU
		{9E950E38-E9C2-4BD7-A272-C52729CA05C0}.Release|Any CPU.ActiveCfg = Release|Any CPU
		{9E950E38-E9C2-4BD7-A272-C52729CA05C0}.Release|Any CPU.Build.0 = Release|Any CPU
		{1CB82E4E-88FF-4772-BFD6-5EC33B23F1CF}.All Projects|Any CPU.ActiveCfg = Debug|Any CPU
		{1CB82E4E-88FF-4772-BFD6-5EC33B23F1CF}.All Projects|Any CPU.Build.0 = Debug|Any CPU
		{1CB82E4E-88FF-4772-BFD6-5EC33B23F1CF}.Debug|Any CPU.ActiveCfg = Debug|Any CPU
		{1CB82E4E-88FF-4772-BFD6-5EC33B23F1CF}.Debug|Any CPU.Build.0 = Debug|Any CPU
		{1CB82E4E-88FF-4772-BFD6-5EC33B23F1CF}.None|Any CPU.ActiveCfg = Debug|Any CPU
		{1CB82E4E-88FF-4772-BFD6-5EC33B23F1CF}.None|Any CPU.Build.0 = Debug|Any CPU
		{1CB82E4E-88FF-4772-BFD6-5EC33B23F1CF}.Release|Any CPU.ActiveCfg = Release|Any CPU
		{1CB82E4E-88FF-4772-BFD6-5EC33B23F1CF}.Release|Any CPU.Build.0 = Release|Any CPU
		{7912DCA7-82EC-44EA-86E0-0E9E9C27D298}.All Projects|Any CPU.ActiveCfg = Debug|Any CPU
		{7912DCA7-82EC-44EA-86E0-0E9E9C27D298}.All Projects|Any CPU.Build.0 = Debug|Any CPU
		{7912DCA7-82EC-44EA-86E0-0E9E9C27D298}.Debug|Any CPU.ActiveCfg = Debug|Any CPU
		{7912DCA7-82EC-44EA-86E0-0E9E9C27D298}.Debug|Any CPU.Build.0 = Debug|Any CPU
		{7912DCA7-82EC-44EA-86E0-0E9E9C27D298}.None|Any CPU.ActiveCfg = Debug|Any CPU
		{7912DCA7-82EC-44EA-86E0-0E9E9C27D298}.None|Any CPU.Build.0 = Debug|Any CPU
		{7912DCA7-82EC-44EA-86E0-0E9E9C27D298}.Release|Any CPU.ActiveCfg = Release|Any CPU
		{7912DCA7-82EC-44EA-86E0-0E9E9C27D298}.Release|Any CPU.Build.0 = Release|Any CPU
		{439D6670-51B0-425C-B082-7050069A052B}.All Projects|Any CPU.ActiveCfg = Debug|Any CPU
		{439D6670-51B0-425C-B082-7050069A052B}.All Projects|Any CPU.Build.0 = Debug|Any CPU
		{439D6670-51B0-425C-B082-7050069A052B}.Debug|Any CPU.ActiveCfg = Debug|Any CPU
		{439D6670-51B0-425C-B082-7050069A052B}.Debug|Any CPU.Build.0 = Debug|Any CPU
		{439D6670-51B0-425C-B082-7050069A052B}.None|Any CPU.ActiveCfg = Debug|Any CPU
		{439D6670-51B0-425C-B082-7050069A052B}.None|Any CPU.Build.0 = Debug|Any CPU
		{439D6670-51B0-425C-B082-7050069A052B}.Release|Any CPU.ActiveCfg = Release|Any CPU
		{439D6670-51B0-425C-B082-7050069A052B}.Release|Any CPU.Build.0 = Release|Any CPU
		{B76DAA64-2C41-4A6A-9FBC-7E29B41FCFD6}.All Projects|Any CPU.ActiveCfg = Debug|Any CPU
		{B76DAA64-2C41-4A6A-9FBC-7E29B41FCFD6}.All Projects|Any CPU.Build.0 = Debug|Any CPU
		{B76DAA64-2C41-4A6A-9FBC-7E29B41FCFD6}.Debug|Any CPU.ActiveCfg = Debug|Any CPU
		{B76DAA64-2C41-4A6A-9FBC-7E29B41FCFD6}.Debug|Any CPU.Build.0 = Debug|Any CPU
		{B76DAA64-2C41-4A6A-9FBC-7E29B41FCFD6}.None|Any CPU.ActiveCfg = Debug|Any CPU
		{B76DAA64-2C41-4A6A-9FBC-7E29B41FCFD6}.None|Any CPU.Build.0 = Debug|Any CPU
		{B76DAA64-2C41-4A6A-9FBC-7E29B41FCFD6}.Release|Any CPU.ActiveCfg = Release|Any CPU
		{B76DAA64-2C41-4A6A-9FBC-7E29B41FCFD6}.Release|Any CPU.Build.0 = Release|Any CPU
		{D3800925-3888-4BDE-80E4-5BA589F726F7}.All Projects|Any CPU.ActiveCfg = Debug|Any CPU
		{D3800925-3888-4BDE-80E4-5BA589F726F7}.All Projects|Any CPU.Build.0 = Debug|Any CPU
		{D3800925-3888-4BDE-80E4-5BA589F726F7}.Debug|Any CPU.ActiveCfg = Debug|Any CPU
		{D3800925-3888-4BDE-80E4-5BA589F726F7}.Debug|Any CPU.Build.0 = Debug|Any CPU
		{D3800925-3888-4BDE-80E4-5BA589F726F7}.None|Any CPU.ActiveCfg = Debug|Any CPU
		{D3800925-3888-4BDE-80E4-5BA589F726F7}.None|Any CPU.Build.0 = Debug|Any CPU
		{D3800925-3888-4BDE-80E4-5BA589F726F7}.Release|Any CPU.ActiveCfg = Release|Any CPU
		{D3800925-3888-4BDE-80E4-5BA589F726F7}.Release|Any CPU.Build.0 = Release|Any CPU
		{44569E01-72A9-4546-99A9-96C8D56D5404}.All Projects|Any CPU.ActiveCfg = Debug|Any CPU
		{44569E01-72A9-4546-99A9-96C8D56D5404}.All Projects|Any CPU.Build.0 = Debug|Any CPU
		{44569E01-72A9-4546-99A9-96C8D56D5404}.Debug|Any CPU.ActiveCfg = Debug|Any CPU
		{44569E01-72A9-4546-99A9-96C8D56D5404}.Debug|Any CPU.Build.0 = Debug|Any CPU
		{44569E01-72A9-4546-99A9-96C8D56D5404}.None|Any CPU.ActiveCfg = Debug|Any CPU
		{44569E01-72A9-4546-99A9-96C8D56D5404}.None|Any CPU.Build.0 = Debug|Any CPU
		{44569E01-72A9-4546-99A9-96C8D56D5404}.Release|Any CPU.ActiveCfg = Release|Any CPU
		{44569E01-72A9-4546-99A9-96C8D56D5404}.Release|Any CPU.Build.0 = Release|Any CPU
		{43DFC050-F871-4B67-BF11-08FE75569238}.All Projects|Any CPU.ActiveCfg = Debug|Any CPU
		{43DFC050-F871-4B67-BF11-08FE75569238}.All Projects|Any CPU.Build.0 = Debug|Any CPU
		{43DFC050-F871-4B67-BF11-08FE75569238}.Debug|Any CPU.ActiveCfg = Debug|Any CPU
		{43DFC050-F871-4B67-BF11-08FE75569238}.Debug|Any CPU.Build.0 = Debug|Any CPU
		{43DFC050-F871-4B67-BF11-08FE75569238}.None|Any CPU.ActiveCfg = Debug|Any CPU
		{43DFC050-F871-4B67-BF11-08FE75569238}.None|Any CPU.Build.0 = Debug|Any CPU
		{43DFC050-F871-4B67-BF11-08FE75569238}.Release|Any CPU.ActiveCfg = Release|Any CPU
		{43DFC050-F871-4B67-BF11-08FE75569238}.Release|Any CPU.Build.0 = Release|Any CPU
		{011E7DA4-F5A1-4358-9B9D-BD5464A940CF}.All Projects|Any CPU.ActiveCfg = Debug|Any CPU
		{011E7DA4-F5A1-4358-9B9D-BD5464A940CF}.All Projects|Any CPU.Build.0 = Debug|Any CPU
		{011E7DA4-F5A1-4358-9B9D-BD5464A940CF}.Debug|Any CPU.ActiveCfg = Debug|Any CPU
		{011E7DA4-F5A1-4358-9B9D-BD5464A940CF}.Debug|Any CPU.Build.0 = Debug|Any CPU
		{011E7DA4-F5A1-4358-9B9D-BD5464A940CF}.None|Any CPU.ActiveCfg = Debug|Any CPU
		{011E7DA4-F5A1-4358-9B9D-BD5464A940CF}.None|Any CPU.Build.0 = Debug|Any CPU
		{011E7DA4-F5A1-4358-9B9D-BD5464A940CF}.Release|Any CPU.ActiveCfg = Release|Any CPU
		{011E7DA4-F5A1-4358-9B9D-BD5464A940CF}.Release|Any CPU.Build.0 = Release|Any CPU
	EndGlobalSection
	GlobalSection(SolutionProperties) = preSolution
		HideSolutionNode = FALSE
	EndGlobalSection
	GlobalSection(NestedProjects) = preSolution
		{664D7D80-1761-4F4B-8403-99AB9573876C} = {E29F1DCD-EE76-4594-8F6D-2CEA08B840E4}
		{8CEB16DA-28A9-41D7-BF6C-53BD9A63C3D9} = {E29F1DCD-EE76-4594-8F6D-2CEA08B840E4}
		{3240D3D5-3BC4-4ED7-A442-A8D645B1E849} = {E29F1DCD-EE76-4594-8F6D-2CEA08B840E4}
		{B5A12650-6521-4EC5-B7F2-DBBE9F88E89B} = {E29F1DCD-EE76-4594-8F6D-2CEA08B840E4}
		{FE6071DD-A0E3-4310-B1D3-2D0F0B0224AB} = {E29F1DCD-EE76-4594-8F6D-2CEA08B840E4}
		{11015707-4063-45D9-9DB9-3224DFC3692E} = {9697D8D9-104B-4B72-940D-6ABD39870532}
		{9E950E38-E9C2-4BD7-A272-C52729CA05C0} = {9697D8D9-104B-4B72-940D-6ABD39870532}
		{1CB82E4E-88FF-4772-BFD6-5EC33B23F1CF} = {9697D8D9-104B-4B72-940D-6ABD39870532}
		{7912DCA7-82EC-44EA-86E0-0E9E9C27D298} = {9697D8D9-104B-4B72-940D-6ABD39870532}
		{439D6670-51B0-425C-B082-7050069A052B} = {9697D8D9-104B-4B72-940D-6ABD39870532}
		{B76DAA64-2C41-4A6A-9FBC-7E29B41FCFD6} = {2DA05D28-51A2-4CA9-854C-E69F708079EF}
		{D3800925-3888-4BDE-80E4-5BA589F726F7} = {2DA05D28-51A2-4CA9-854C-E69F708079EF}
		{44569E01-72A9-4546-99A9-96C8D56D5404} = {2DA05D28-51A2-4CA9-854C-E69F708079EF}
		{43DFC050-F871-4B67-BF11-08FE75569238} = {2DA05D28-51A2-4CA9-854C-E69F708079EF}
		{011E7DA4-F5A1-4358-9B9D-BD5464A940CF} = {2DA05D28-51A2-4CA9-854C-E69F708079EF}
	EndGlobalSection
	GlobalSection(ExtensibilityGlobals) = postSolution
		SolutionGuid = {EA00D447-9E1A-43C0-9284-15DB58AED53D}
	EndGlobalSection
EndGlobal
